// !$*UTF8*$!
{
	archiveVersion = 1;
	classes = {
	};
	objectVersion = 60;
	objects = {

/* Begin PBXBuildFile section */
		4A0000000000000000000501 /* TorrentinoApp.swift in Sources */ = {isa = PBXBuildFile; fileRef = 4A0000000000000000000101 /* TorrentinoApp.swift */; };
		4A0000000000000000000502 /* AppDelegate.swift in Sources */ = {isa = PBXBuildFile; fileRef = 4A0000000000000000000102 /* AppDelegate.swift */; };
		4A0000000000000000000503 /* CLIDispatcher.swift in Sources */ = {isa = PBXBuildFile; fileRef = 4A0000000000000000000103 /* CLIDispatcher.swift */; };
		4A0000000000000000000504 /* EngineClient.swift in Sources */ = {isa = PBXBuildFile; fileRef = 4A0000000000000000000104 /* EngineClient.swift */; };
		4A0000000000000000000505 /* EngineClientTypes.swift in Sources */ = {isa = PBXBuildFile; fileRef = 4A0000000000000000000105 /* EngineClientTypes.swift */; };
		4A0000000000000000000506 /* EngineViewModel.swift in Sources */ = {isa = PBXBuildFile; fileRef = 4A0000000000000000000106 /* EngineViewModel.swift */; };
		4A0000000000000000000507 /* ContentView.swift in Sources */ = {isa = PBXBuildFile; fileRef = 4A0000000000000000000107 /* ContentView.swift */; };
		4A0000000000000000000508 /* AgentMain.swift in Sources */ = {isa = PBXBuildFile; fileRef = 4A0000000000000000000108 /* AgentMain.swift */; };
		4A0000000000000000000509 /* AgentRuntime.swift in Sources */ = {isa = PBXBuildFile; fileRef = 4A0000000000000000000109 /* AgentRuntime.swift */; };
		4A000000000000000000050A /* AgentService.swift in Sources */ = {isa = PBXBuildFile; fileRef = 4A000000000000000000010A /* AgentService.swift */; };
		4A000000000000000000050B /* CounterStore.swift in Sources */ = {isa = PBXBuildFile; fileRef = 4A000000000000000000010B /* CounterStore.swift */; };
		4A000000000000000000050C /* TorrentinoEngineXPCProtocol.swift in Sources */ = {isa = PBXBuildFile; fileRef = 4A000000000000000000010C /* TorrentinoEngineXPCProtocol.swift */; };
		4A000000000000000000050D /* TorrentinoEngineXPCProtocol.swift in Sources */ = {isa = PBXBuildFile; fileRef = 4A000000000000000000010C /* TorrentinoEngineXPCProtocol.swift */; };
		4A000000000000000000050E /* ServiceRegistration.swift in Sources */ = {isa = PBXBuildFile; fileRef = 4A000000000000000000010E /* ServiceRegistration.swift */; };
		4A000000000000000000050F /* SettingsView.swift in Sources */ = {isa = PBXBuildFile; fileRef = 4A000000000000000000010F /* SettingsView.swift */; };
		4A0000000000000000000510 /* Localizable.xcstrings in Resources */ = {isa = PBXBuildFile; fileRef = 4A0000000000000000000110 /* Localizable.xcstrings */; };
		4A0000000000000000000521 /* TorrentinoEngineAgent in Embed LaunchAgent */ = {isa = PBXBuildFile; fileRef = 4A0000000000000000000202 /* TorrentinoEngineAgent */; settings = {ATTRIBUTES = (CodeSignOnCopy, ); }; };
		4A0000000000000000000522 /* com.torrentino.app.engine-agent.plist in Embed LaunchAgent */ = {isa = PBXBuildFile; fileRef = 4A0000000000000000000120 /* com.torrentino.app.engine-agent.plist */; };
		4A0000000000000000000531 /* TorrentState.swift in Sources */ = {isa = PBXBuildFile; fileRef = 4A0000000000000000000131 /* TorrentState.swift */; };
		4A0000000000000000000532 /* TorrentInfo.swift in Sources */ = {isa = PBXBuildFile; fileRef = 4A0000000000000000000132 /* TorrentInfo.swift */; };
		4A0000000000000000000533 /* EngineError.swift in Sources */ = {isa = PBXBuildFile; fileRef = 4A0000000000000000000133 /* EngineError.swift */; };
		4A0000000000000000000541 /* IPCVersion.swift in Sources */ = {isa = PBXBuildFile; fileRef = 4A0000000000000000000141 /* IPCVersion.swift */; };
		4A0000000000000000000542 /* IPCEnvelope.swift in Sources */ = {isa = PBXBuildFile; fileRef = 4A0000000000000000000142 /* IPCEnvelope.swift */; };
		4A0000000000000000000543 /* EngineCommand.swift in Sources */ = {isa = PBXBuildFile; fileRef = 4A0000000000000000000143 /* EngineCommand.swift */; };
		4A0000000000000000000544 /* EngineEvent.swift in Sources */ = {isa = PBXBuildFile; fileRef = 4A0000000000000000000144 /* EngineEvent.swift */; };
		4A0000000000000000000545 /* Identity.swift in Sources */ = {isa = PBXBuildFile; fileRef = 4A0000000000000000000145 /* Identity.swift */; };
		4A0000000000000000000546 /* State.swift in Sources */ = {isa = PBXBuildFile; fileRef = 4A0000000000000000000146 /* State.swift */; };
		4A0000000000000000000547 /* Snapshot.swift in Sources */ = {isa = PBXBuildFile; fileRef = 4A0000000000000000000147 /* Snapshot.swift */; };
		4A0000000000000000000548 /* Commands.swift in Sources */ = {isa = PBXBuildFile; fileRef = 4A0000000000000000000148 /* Commands.swift */; };
		4A0000000000000000000549 /* Events.swift in Sources */ = {isa = PBXBuildFile; fileRef = 4A0000000000000000000149 /* Events.swift */; };
		4A000000000000000000054A /* ErrorContract.swift in Sources */ = {isa = PBXBuildFile; fileRef = 4A000000000000000000014A /* ErrorContract.swift */; };
		4A000000000000000000054B /* Pagination.swift in Sources */ = {isa = PBXBuildFile; fileRef = 4A000000000000000000014B /* Pagination.swift */; };
		4A000000000000000000054C /* Settings.swift in Sources */ = {isa = PBXBuildFile; fileRef = 4A000000000000000000014C /* Settings.swift */; };
		4A000000000000000000054D /* Handshake.swift in Sources */ = {isa = PBXBuildFile; fileRef = 4A000000000000000000014D /* Handshake.swift */; };
		4A000000000000000000054E /* Idempotency.swift in Sources */ = {isa = PBXBuildFile; fileRef = 4A000000000000000000014E /* Idempotency.swift */; };
		4A000000000000000000054F /* Reconciliation.swift in Sources */ = {isa = PBXBuildFile; fileRef = 4A000000000000000000014F /* Reconciliation.swift */; };
		4A0000000000000000000550 /* ReconnectPolicy.swift in Sources */ = {isa = PBXBuildFile; fileRef = 4A0000000000000000000150 /* ReconnectPolicy.swift */; };
		4A0000000000000000000559 /* PeerValidation.swift in Sources */ = {isa = PBXBuildFile; fileRef = 4A000000000000000000010D /* PeerValidation.swift */; };
		4A0000000000000000000551 /* TorrentinoDomain.framework in Frameworks */ = {isa = PBXBuildFile; fileRef = 4A0000000000000000000210 /* TorrentinoDomain.framework */; };
		4A0000000000000000000552 /* TorrentinoIPC.framework in Frameworks */ = {isa = PBXBuildFile; fileRef = 4A0000000000000000000211 /* TorrentinoIPC.framework */; };
		4A0000000000000000000553 /* TorrentinoDomain.framework in Frameworks */ = {isa = PBXBuildFile; fileRef = 4A0000000000000000000210 /* TorrentinoDomain.framework */; };
		4A0000000000000000000554 /* TorrentinoIPC.framework in Frameworks */ = {isa = PBXBuildFile; fileRef = 4A0000000000000000000211 /* TorrentinoIPC.framework */; };
		4A0000000000000000000555 /* TorrentinoDomain.framework in Frameworks */ = {isa = PBXBuildFile; fileRef = 4A0000000000000000000210 /* TorrentinoDomain.framework */; };
		4A0000000000000000000556 /* TorrentinoIPC.framework in Frameworks */ = {isa = PBXBuildFile; fileRef = 4A0000000000000000000211 /* TorrentinoIPC.framework */; };
		4A0000000000000000000557 /* TorrentinoDomain.framework in Frameworks */ = {isa = PBXBuildFile; fileRef = 4A0000000000000000000210 /* TorrentinoDomain.framework */; };
		4A0000000000000000000558 /* TorrentinoIPC.framework in Frameworks */ = {isa = PBXBuildFile; fileRef = 4A0000000000000000000211 /* TorrentinoIPC.framework */; };
		4A0000000000000000000561 /* TestProfile.swift in Sources */ = {isa = PBXBuildFile; fileRef = 4A0000000000000000000151 /* TestProfile.swift */; };
		4A0000000000000000000562 /* TestProfile.swift in Sources */ = {isa = PBXBuildFile; fileRef = 4A0000000000000000000151 /* TestProfile.swift */; };
		4A0000000000000000000563 /* TestProfile.swift in Sources */ = {isa = PBXBuildFile; fileRef = 4A0000000000000000000151 /* TestProfile.swift */; };
		4A0000000000000000000564 /* TorrentinoDomainTests.swift in Sources */ = {isa = PBXBuildFile; fileRef = 4A0000000000000000000152 /* TorrentinoDomainTests.swift */; };
		4A0000000000000000000565 /* TorrentinoIPCTests.swift in Sources */ = {isa = PBXBuildFile; fileRef = 4A0000000000000000000153 /* TorrentinoIPCTests.swift */; };
		4A0000000000000000000566 /* TorrentinoAppTests.swift in Sources */ = {isa = PBXBuildFile; fileRef = 4A0000000000000000000154 /* TorrentinoAppTests.swift */; };
		4A000000000000000000055B /* PeerValidation.swift in Sources */ = {isa = PBXBuildFile; fileRef = 4A000000000000000000010D /* PeerValidation.swift */; };
		4A0000000000000000000581 /* EngineBridgeAdapter.mm in Sources */ = {isa = PBXBuildFile; fileRef = 4A0000000000000000000162 /* EngineBridgeAdapter.mm */; };
		4A0000000000000000000582 /* EngineCoordinator.swift in Sources */ = {isa = PBXBuildFile; fileRef = 4A0000000000000000000163 /* EngineCoordinator.swift */; };
		4A0000000000000000000583 /* EngineBridgeDTOs.swift in Sources */ = {isa = PBXBuildFile; fileRef = 4A0000000000000000000164 /* EngineBridgeDTOs.swift */; };
		4A0000000000000000000584 /* EngineCoordinatorError.swift in Sources */ = {isa = PBXBuildFile; fileRef = 4A0000000000000000000165 /* EngineCoordinatorError.swift */; };
		4A0000000000000000000585 /* EngineBridge.cpp in Sources */ = {isa = PBXBuildFile; fileRef = 4A0000000000000000000167 /* EngineBridge.cpp */; };
		4A0000000000000000000586 /* libtorrent-rasterbar.a in Frameworks */ = {isa = PBXBuildFile; fileRef = 4A0000000000000000000168 /* libtorrent-rasterbar.a */; };
		4A0000000000000000000587 /* libssl.a in Frameworks */ = {isa = PBXBuildFile; fileRef = 4A0000000000000000000169 /* libssl.a */; };
		4A0000000000000000000588 /* libcrypto.a in Frameworks */ = {isa = PBXBuildFile; fileRef = 4A000000000000000000016A /* libcrypto.a */; };
		4A00000000000000000005A1 /* PersistenceStore.swift in Sources */ = {isa = PBXBuildFile; fileRef = 4A00000000000000000001A1 /* PersistenceStore.swift */; };
		4A00000000000000000005A2 /* AtomicGeneration.swift in Sources */ = {isa = PBXBuildFile; fileRef = 4A00000000000000000001A2 /* AtomicGeneration.swift */; };
		4A00000000000000000005A3 /* OperationJournal.swift in Sources */ = {isa = PBXBuildFile; fileRef = 4A00000000000000000001A3 /* OperationJournal.swift */; };
		4A00000000000000000005A4 /* ShutdownCoordinator.swift in Sources */ = {isa = PBXBuildFile; fileRef = 4A00000000000000000001A4 /* ShutdownCoordinator.swift */; };
		4A00000000000000000005A5 /* StartupReconciler.swift in Sources */ = {isa = PBXBuildFile; fileRef = 4A00000000000000000001A5 /* StartupReconciler.swift */; };
		4A00000000000000000005A6 /* QuarantineManager.swift in Sources */ = {isa = PBXBuildFile; fileRef = 4A00000000000000000001A6 /* QuarantineManager.swift */; };
		4A00000000000000000005A7 /* FailpointInjector.swift in Sources */ = {isa = PBXBuildFile; fileRef = 4A00000000000000000001A7 /* FailpointInjector.swift */; };
		4A00000000000000000005A8 /* AdvisoryLock.swift in Sources */ = {isa = PBXBuildFile; fileRef = 4A00000000000000000001A8 /* AdvisoryLock.swift */; };
		4A00000000000000000005A9 /* PersistenceError.swift in Sources */ = {isa = PBXBuildFile; fileRef = 4A00000000000000000001A9 /* PersistenceError.swift */; };
		4A00000000000000000005AA /* SQLiteConnection.swift in Sources */ = {isa = PBXBuildFile; fileRef = 4A00000000000000000001AA /* SQLiteConnection.swift */; };
		4A0000000000000000000567 /* TestProfile.swift in Sources */ = {isa = PBXBuildFile; fileRef = 4A0000000000000000000151 /* TestProfile.swift */; };
		4A00000000000000000005B1 /* PersistenceFixture.swift in Sources */ = {isa = PBXBuildFile; fileRef = 4A00000000000000000001AB /* PersistenceFixture.swift */; };
		4A00000000000000000005B2 /* TorrentinoEngineAgentTests.swift in Sources */ = {isa = PBXBuildFile; fileRef = 4A00000000000000000001AC /* TorrentinoEngineAgentTests.swift */; };
		4A00000000000000000005C1 /* PersistenceStore.swift in Sources */ = {isa = PBXBuildFile; fileRef = 4A00000000000000000001A1 /* PersistenceStore.swift */; };
		4A00000000000000000005C2 /* AtomicGeneration.swift in Sources */ = {isa = PBXBuildFile; fileRef = 4A00000000000000000001A2 /* AtomicGeneration.swift */; };
		4A00000000000000000005C3 /* OperationJournal.swift in Sources */ = {isa = PBXBuildFile; fileRef = 4A00000000000000000001A3 /* OperationJournal.swift */; };
		4A00000000000000000005C4 /* ShutdownCoordinator.swift in Sources */ = {isa = PBXBuildFile; fileRef = 4A00000000000000000001A4 /* ShutdownCoordinator.swift */; };
		4A00000000000000000005C5 /* StartupReconciler.swift in Sources */ = {isa = PBXBuildFile; fileRef = 4A00000000000000000001A5 /* StartupReconciler.swift */; };
		4A00000000000000000005C6 /* QuarantineManager.swift in Sources */ = {isa = PBXBuildFile; fileRef = 4A00000000000000000001A6 /* QuarantineManager.swift */; };
		4A00000000000000000005C7 /* FailpointInjector.swift in Sources */ = {isa = PBXBuildFile; fileRef = 4A00000000000000000001A7 /* FailpointInjector.swift */; };
		4A00000000000000000005C8 /* AdvisoryLock.swift in Sources */ = {isa = PBXBuildFile; fileRef = 4A00000000000000000001A8 /* AdvisoryLock.swift */; };
		4A00000000000000000005C9 /* PersistenceError.swift in Sources */ = {isa = PBXBuildFile; fileRef = 4A00000000000000000001A9 /* PersistenceError.swift */; };
		4A00000000000000000005CA /* SQLiteConnection.swift in Sources */ = {isa = PBXBuildFile; fileRef = 4A00000000000000000001AA /* SQLiteConnection.swift */; };
		4A00000000000000000005D1 /* BencodeParser.swift in Sources */ = {isa = PBXBuildFile; fileRef = 4A00000000000000000001B1 /* BencodeParser.swift */; };
		4A00000000000000000005D2 /* MagnetParser.swift in Sources */ = {isa = PBXBuildFile; fileRef = 4A00000000000000000001B2 /* MagnetParser.swift */; };
		4A00000000000000000005D3 /* Metainfo.swift in Sources */ = {isa = PBXBuildFile; fileRef = 4A00000000000000000001B3 /* Metainfo.swift */; };
		4A00000000000000000005D4 /* HTTPSourceFetcher.swift in Sources */ = {isa = PBXBuildFile; fileRef = 4A00000000000000000001B4 /* HTTPSourceFetcher.swift */; };
		4A00000000000000000005D5 /* Preflight.swift in Sources */ = {isa = PBXBuildFile; fileRef = 4A00000000000000000001B5 /* Preflight.swift */; };
		4A00000000000000000005D6 /* NegativeCorpus.swift in Sources */ = {isa = PBXBuildFile; fileRef = 4A00000000000000000001B6 /* NegativeCorpus.swift */; };
		4A00000000000000000005D7 /* TransferRecord.swift in Sources */ = {isa = PBXBuildFile; fileRef = 4A00000000000000000001B7 /* TransferRecord.swift */; };
		4A00000000000000000005D8 /* TransferEventBus.swift in Sources */ = {isa = PBXBuildFile; fileRef = 4A00000000000000000001B8 /* TransferEventBus.swift */; };
		4A00000000000000000005D9 /* TorrentAdder.swift in Sources */ = {isa = PBXBuildFile; fileRef = 4A00000000000000000001B9 /* TorrentAdder.swift */; };
		4A00000000000000000005DA /* TransferCoordinator.swift in Sources */ = {isa = PBXBuildFile; fileRef = 4A00000000000000000001BA /* TransferCoordinator.swift */; };
		4A00000000000000000005DB /* BridgeTransferEngine.swift in Sources */ = {isa = PBXBuildFile; fileRef = 4A00000000000000000001BB /* BridgeTransferEngine.swift */; };
		4A00000000000000000005E1 /* PathValidator.swift in Sources */ = {isa = PBXBuildFile; fileRef = 4A00000000000000000001BC /* PathValidator.swift */; };
		4A00000000000000000005E4 /* EngineBridgeDTOs.swift in Sources */ = {isa = PBXBuildFile; fileRef = 4A0000000000000000000164 /* EngineBridgeDTOs.swift */; };
		4A00000000000000000005E5 /* TransferRecord.swift in Sources */ = {isa = PBXBuildFile; fileRef = 4A00000000000000000001B7 /* TransferRecord.swift */; };
		4A00000000000000000005E6 /* TransferEventBus.swift in Sources */ = {isa = PBXBuildFile; fileRef = 4A00000000000000000001B8 /* TransferEventBus.swift */; };
		4A00000000000000000005E7 /* TorrentAdder.swift in Sources */ = {isa = PBXBuildFile; fileRef = 4A00000000000000000001B9 /* TorrentAdder.swift */; };
		4A00000000000000000005E8 /* TransferCoordinator.swift in Sources */ = {isa = PBXBuildFile; fileRef = 4A00000000000000000001BA /* TransferCoordinator.swift */; };
		4A00000000000000000005E9 /* Metainfo.swift in Sources */ = {isa = PBXBuildFile; fileRef = 4A00000000000000000001B3 /* Metainfo.swift */; };
		4A00000000000000000005EA /* BencodeParser.swift in Sources */ = {isa = PBXBuildFile; fileRef = 4A00000000000000000001B1 /* BencodeParser.swift */; };
		4A00000000000000000005EB /* MagnetParser.swift in Sources */ = {isa = PBXBuildFile; fileRef = 4A00000000000000000001B2 /* MagnetParser.swift */; };
		4A00000000000000000005EC /* Preflight.swift in Sources */ = {isa = PBXBuildFile; fileRef = 4A00000000000000000001B5 /* Preflight.swift */; };
		4A00000000000000000005ED /* HTTPSourceFetcher.swift in Sources */ = {isa = PBXBuildFile; fileRef = 4A00000000000000000001B4 /* HTTPSourceFetcher.swift */; };
		4A00000000000000000005EE /* NegativeCorpus.swift in Sources */ = {isa = PBXBuildFile; fileRef = 4A00000000000000000001B6 /* NegativeCorpus.swift */; };
		4A0000000000000000000824 /* SystemConditions.swift in Sources */ = {isa = PBXBuildFile; fileRef = 4A0000000000000000000814 /* SystemConditions.swift */; };
		4A0000000000000000000825 /* SystemConditionMonitor.swift in Sources */ = {isa = PBXBuildFile; fileRef = 4A0000000000000000000815 /* SystemConditionMonitor.swift */; };
		4A0000000000000000000826 /* EngineCoordinatorError.swift in Sources */ = {isa = PBXBuildFile; fileRef = 4A0000000000000000000165 /* EngineCoordinatorError.swift */; };
		4A0000000000000000000827 /* CrashLoopGuard.swift in Sources */ = {isa = PBXBuildFile; fileRef = 4A0000000000000000000816 /* CrashLoopGuard.swift */; };
		4A0000000000000000000828 /* StatusCache.swift in Sources */ = {isa = PBXBuildFile; fileRef = 4A00000000000000000001BD /* StatusCache.swift */; };
		4A0000000000000000000829 /* CrashLoopGuard.swift in Tests */ = {isa = PBXBuildFile; fileRef = 4A0000000000000000000816 /* CrashLoopGuard.swift */; };
		4A000000000000000000082A /* StatusCache.swift in Tests */ = {isa = PBXBuildFile; fileRef = 4A00000000000000000001BD /* StatusCache.swift */; };
		4A000000000000000000082B /* SystemConditionMonitor.swift in Tests */ = {isa = PBXBuildFile; fileRef = 4A0000000000000000000815 /* SystemConditionMonitor.swift */; };
		4A00000000000000000005F0 /* TransferSmokeTests.swift in Sources */ = {isa = PBXBuildFile; fileRef = 4A00000000000000000001AD /* TransferSmokeTests.swift */; };
		4A00000000000000000005F1 /* TorrentListViewModel.swift in Sources */ = {isa = PBXBuildFile; fileRef = 4A0000000000000000000111 /* TorrentListViewModel.swift */; };
		4A00000000000000000005F2 /* TorrentListView.swift in Sources */ = {isa = PBXBuildFile; fileRef = 4A0000000000000000000112 /* TorrentListView.swift */; };
		4A00000000000000000005F3 /* AddTorrentSheet.swift in Sources */ = {isa = PBXBuildFile; fileRef = 4A0000000000000000000113 /* AddTorrentSheet.swift */; };
		4A00000000000000000005F4 /* FixtureLibrary.swift in Sources */ = {isa = PBXBuildFile; fileRef = 4A0000000000000000000114 /* FixtureLibrary.swift */; };
		4A0000000000000000000801 /* KeychainStore.swift in Sources */ = {isa = PBXBuildFile; fileRef = 4A0000000000000000000811 /* KeychainStore.swift */; };
		4A0000000000000000000802 /* NotificationManager.swift in Sources */ = {isa = PBXBuildFile; fileRef = 4A0000000000000000000812 /* NotificationManager.swift */; };
		4A0000000000000000000803 /* InspectorView.swift in Sources */ = {isa = PBXBuildFile; fileRef = 4A0000000000000000000813 /* InspectorView.swift */; };
		4A0000000000000000000804 /* KeychainStore.swift in Sources */ = {isa = PBXBuildFile; fileRef = 4A0000000000000000000811 /* KeychainStore.swift */; };
		4A0000000000000000000805 /* NotificationManager.swift in Sources */ = {isa = PBXBuildFile; fileRef = 4A0000000000000000000812 /* NotificationManager.swift */; };
		4A0000000000000000000806 /* FixtureLibrary.swift in Sources */ = {isa = PBXBuildFile; fileRef = 4A0000000000000000000114 /* FixtureLibrary.swift */; };
		4A00000000000000000005FC /* TorrentinoDomain.framework in Frameworks */ = {isa = PBXBuildFile; fileRef = 4A0000000000000000000210 /* TorrentinoDomain.framework */; };
		4A00000000000000000005FD /* TorrentinoIPC.framework in Frameworks */ = {isa = PBXBuildFile; fileRef = 4A0000000000000000000211 /* TorrentinoIPC.framework */; };
/* End PBXBuildFile section */

/* Begin PBXContainerItemProxy section */
		4A0000000000000000000602 /* PBXContainerItemProxy */ = {
			isa = PBXContainerItemProxy;
			containerPortal = 4A0000000000000000000001 /* Project object */;
			proxyType = 1;
			remoteGlobalIDString = 4A0000000000000000000302;
			remoteInfo = TorrentinoEngineAgent;
		};
		4A0000000000000000000612 /* PBXContainerItemProxy */ = {
			isa = PBXContainerItemProxy;
			containerPortal = 4A0000000000000000000001 /* Project object */;
			proxyType = 1;
			remoteGlobalIDString = 4A0000000000000000000310;
			remoteInfo = TorrentinoDomain;
		};
		4A0000000000000000000614 /* PBXContainerItemProxy */ = {
			isa = PBXContainerItemProxy;
			containerPortal = 4A0000000000000000000001 /* Project object */;
			proxyType = 1;
			remoteGlobalIDString = 4A0000000000000000000311;
			remoteInfo = TorrentinoIPC;
		};
		4A0000000000000000000616 /* PBXContainerItemProxy */ = {
			isa = PBXContainerItemProxy;
			containerPortal = 4A0000000000000000000001 /* Project object */;
			proxyType = 1;
			remoteGlobalIDString = 4A0000000000000000000310;
			remoteInfo = TorrentinoDomain;
		};
		4A0000000000000000000618 /* PBXContainerItemProxy */ = {
			isa = PBXContainerItemProxy;
			containerPortal = 4A0000000000000000000001 /* Project object */;
			proxyType = 1;
			remoteGlobalIDString = 4A0000000000000000000311;
			remoteInfo = TorrentinoIPC;
		};
		4A0000000000000000000622 /* PBXContainerItemProxy */ = {
			isa = PBXContainerItemProxy;
			containerPortal = 4A0000000000000000000001 /* Project object */;
			proxyType = 1;
			remoteGlobalIDString = 4A0000000000000000000310;
			remoteInfo = TorrentinoDomain;
		};
		4A0000000000000000000624 /* PBXContainerItemProxy */ = {
			isa = PBXContainerItemProxy;
			containerPortal = 4A0000000000000000000001 /* Project object */;
			proxyType = 1;
			remoteGlobalIDString = 4A0000000000000000000311;
			remoteInfo = TorrentinoIPC;
		};
		4A0000000000000000000628 /* PBXContainerItemProxy */ = {
			isa = PBXContainerItemProxy;
			containerPortal = 4A0000000000000000000001 /* Project object */;
			proxyType = 1;
			remoteGlobalIDString = 4A0000000000000000000310;
			remoteInfo = TorrentinoDomain;
		};
		4A000000000000000000062A /* PBXContainerItemProxy */ = {
			isa = PBXContainerItemProxy;
			containerPortal = 4A0000000000000000000001 /* Project object */;
			proxyType = 1;
			remoteGlobalIDString = 4A0000000000000000000311;
			remoteInfo = TorrentinoIPC;
		};
		4A0000000000000000000632 /* PBXContainerItemProxy */ = {
			isa = PBXContainerItemProxy;
			containerPortal = 4A0000000000000000000001 /* Project object */;
			proxyType = 1;
			remoteGlobalIDString = 4A0000000000000000000310;
			remoteInfo = TorrentinoDomain;
		};
		4A0000000000000000000634 /* PBXContainerItemProxy */ = {
			isa = PBXContainerItemProxy;
			containerPortal = 4A0000000000000000000001 /* Project object */;
			proxyType = 1;
			remoteGlobalIDString = 4A0000000000000000000311;
			remoteInfo = TorrentinoIPC;
		};
/* End PBXContainerItemProxy section */

/* Begin PBXCopyFilesBuildPhase section */
		4A0000000000000000000403 /* Embed LaunchAgent */ = {
			isa = PBXCopyFilesBuildPhase;
			buildActionMask = 2147483647;
			dstPath = "Contents/Library/LaunchAgents";
			dstSubfolderSpec = 1;
			files = (
				4A0000000000000000000521 /* TorrentinoEngineAgent in Embed LaunchAgent */,
				4A0000000000000000000522 /* com.torrentino.app.engine-agent.plist in Embed LaunchAgent */,
			);
			name = "Embed LaunchAgent";
			runOnlyForDeploymentPostprocessing = 0;
		};
/* End PBXCopyFilesBuildPhase section */

/* Begin PBXFileReference section */
		4A0000000000000000000101 /* TorrentinoApp.swift */ = {isa = PBXFileReference; lastKnownFileType = sourcecode.swift; path = TorrentinoApp.swift; sourceTree = "<group>"; };
		4A0000000000000000000102 /* AppDelegate.swift */ = {isa = PBXFileReference; lastKnownFileType = sourcecode.swift; path = AppDelegate.swift; sourceTree = "<group>"; };
		4A0000000000000000000103 /* CLIDispatcher.swift */ = {isa = PBXFileReference; lastKnownFileType = sourcecode.swift; path = CLIDispatcher.swift; sourceTree = "<group>"; };
		4A0000000000000000000104 /* EngineClient.swift */ = {isa = PBXFileReference; lastKnownFileType = sourcecode.swift; path = EngineClient.swift; sourceTree = "<group>"; };
		4A0000000000000000000105 /* EngineClientTypes.swift */ = {isa = PBXFileReference; lastKnownFileType = sourcecode.swift; path = EngineClientTypes.swift; sourceTree = "<group>"; };
		4A0000000000000000000106 /* EngineViewModel.swift */ = {isa = PBXFileReference; lastKnownFileType = sourcecode.swift; path = EngineViewModel.swift; sourceTree = "<group>"; };
		4A0000000000000000000107 /* ContentView.swift */ = {isa = PBXFileReference; lastKnownFileType = sourcecode.swift; path = ContentView.swift; sourceTree = "<group>"; };
		4A0000000000000000000108 /* AgentMain.swift */ = {isa = PBXFileReference; lastKnownFileType = sourcecode.swift; path = AgentMain.swift; sourceTree = "<group>"; };
		4A0000000000000000000109 /* AgentRuntime.swift */ = {isa = PBXFileReference; lastKnownFileType = sourcecode.swift; path = AgentRuntime.swift; sourceTree = "<group>"; };
		4A000000000000000000010A /* AgentService.swift */ = {isa = PBXFileReference; lastKnownFileType = sourcecode.swift; path = AgentService.swift; sourceTree = "<group>"; };
		4A000000000000000000010B /* CounterStore.swift */ = {isa = PBXFileReference; lastKnownFileType = sourcecode.swift; path = CounterStore.swift; sourceTree = "<group>"; };
		4A000000000000000000010C /* TorrentinoEngineXPCProtocol.swift */ = {isa = PBXFileReference; lastKnownFileType = sourcecode.swift; path = TorrentinoEngineXPCProtocol.swift; sourceTree = "<group>"; };
		4A000000000000000000010D /* PeerValidation.swift */ = {isa = PBXFileReference; lastKnownFileType = sourcecode.swift; path = PeerValidation.swift; sourceTree = "<group>"; };
		4A000000000000000000010E /* ServiceRegistration.swift */ = {isa = PBXFileReference; lastKnownFileType = sourcecode.swift; path = ServiceRegistration.swift; sourceTree = "<group>"; };
		4A000000000000000000010F /* SettingsView.swift */ = {isa = PBXFileReference; lastKnownFileType = sourcecode.swift; path = SettingsView.swift; sourceTree = "<group>"; };
		4A0000000000000000000110 /* Localizable.xcstrings */ = {isa = PBXFileReference; lastKnownFileType = text.json.xcstrings; path = Localizable.xcstrings; sourceTree = "<group>"; };
		4A0000000000000000000120 /* com.torrentino.app.engine-agent.plist */ = {isa = PBXFileReference; lastKnownFileType = text.plist.xml; path = "com.torrentino.app.engine-agent.plist"; sourceTree = "<group>"; };
		4A0000000000000000000121 /* Torrentino.entitlements */ = {isa = PBXFileReference; lastKnownFileType = text.plist.entitlements; path = Torrentino.entitlements; sourceTree = "<group>"; };
		4A0000000000000000000122 /* TorrentinoEngineAgent.entitlements */ = {isa = PBXFileReference; lastKnownFileType = text.plist.entitlements; path = TorrentinoEngineAgent.entitlements; sourceTree = "<group>"; };
		4A0000000000000000000123 /* Shared.xcconfig */ = {isa = PBXFileReference; lastKnownFileType = text.xcconfig; path = Shared.xcconfig; sourceTree = "<group>"; };
		4A0000000000000000000124 /* Debug.xcconfig */ = {isa = PBXFileReference; lastKnownFileType = text.xcconfig; path = Debug.xcconfig; sourceTree = "<group>"; };
		4A0000000000000000000125 /* Release.xcconfig */ = {isa = PBXFileReference; lastKnownFileType = text.xcconfig; path = Release.xcconfig; sourceTree = "<group>"; };
		4A0000000000000000000126 /* lifecycle_test.sh */ = {isa = PBXFileReference; lastKnownFileType = text.script.sh; path = lifecycle_test.sh; sourceTree = "<group>"; };
		4A0000000000000000000127 /* update_test.sh */ = {isa = PBXFileReference; lastKnownFileType = text.script.sh; path = update_test.sh; sourceTree = "<group>"; };
		4A0000000000000000000128 /* LIFECYCLE_CONTRACT.md */ = {isa = PBXFileReference; lastKnownFileType = net.daringfireball.markdown; path = LIFECYCLE_CONTRACT.md; sourceTree = "<group>"; };
		4A0000000000000000000131 /* TorrentState.swift */ = {isa = PBXFileReference; lastKnownFileType = sourcecode.swift; path = TorrentState.swift; sourceTree = "<group>"; };
		4A0000000000000000000132 /* TorrentInfo.swift */ = {isa = PBXFileReference; lastKnownFileType = sourcecode.swift; path = TorrentInfo.swift; sourceTree = "<group>"; };
		4A0000000000000000000133 /* EngineError.swift */ = {isa = PBXFileReference; lastKnownFileType = sourcecode.swift; path = EngineError.swift; sourceTree = "<group>"; };
		4A0000000000000000000141 /* IPCVersion.swift */ = {isa = PBXFileReference; lastKnownFileType = sourcecode.swift; path = IPCVersion.swift; sourceTree = "<group>"; };
		4A0000000000000000000142 /* IPCEnvelope.swift */ = {isa = PBXFileReference; lastKnownFileType = sourcecode.swift; path = IPCEnvelope.swift; sourceTree = "<group>"; };
		4A0000000000000000000143 /* EngineCommand.swift */ = {isa = PBXFileReference; lastKnownFileType = sourcecode.swift; path = EngineCommand.swift; sourceTree = "<group>"; };
		4A0000000000000000000144 /* EngineEvent.swift */ = {isa = PBXFileReference; lastKnownFileType = sourcecode.swift; path = EngineEvent.swift; sourceTree = "<group>"; };
		4A0000000000000000000145 /* Identity.swift */ = {isa = PBXFileReference; lastKnownFileType = sourcecode.swift; path = Identity.swift; sourceTree = "<group>"; };
		4A0000000000000000000146 /* State.swift */ = {isa = PBXFileReference; lastKnownFileType = sourcecode.swift; path = State.swift; sourceTree = "<group>"; };
		4A0000000000000000000147 /* Snapshot.swift */ = {isa = PBXFileReference; lastKnownFileType = sourcecode.swift; path = Snapshot.swift; sourceTree = "<group>"; };
		4A0000000000000000000148 /* Commands.swift */ = {isa = PBXFileReference; lastKnownFileType = sourcecode.swift; path = Commands.swift; sourceTree = "<group>"; };
		4A0000000000000000000149 /* Events.swift */ = {isa = PBXFileReference; lastKnownFileType = sourcecode.swift; path = Events.swift; sourceTree = "<group>"; };
		4A000000000000000000014A /* ErrorContract.swift */ = {isa = PBXFileReference; lastKnownFileType = sourcecode.swift; path = ErrorContract.swift; sourceTree = "<group>"; };
		4A000000000000000000014B /* Pagination.swift */ = {isa = PBXFileReference; lastKnownFileType = sourcecode.swift; path = Pagination.swift; sourceTree = "<group>"; };
		4A000000000000000000014C /* Settings.swift */ = {isa = PBXFileReference; lastKnownFileType = sourcecode.swift; path = Settings.swift; sourceTree = "<group>"; };
		4A000000000000000000014D /* Handshake.swift */ = {isa = PBXFileReference; lastKnownFileType = sourcecode.swift; path = Handshake.swift; sourceTree = "<group>"; };
		4A000000000000000000014E /* Idempotency.swift */ = {isa = PBXFileReference; lastKnownFileType = sourcecode.swift; path = Idempotency.swift; sourceTree = "<group>"; };
		4A000000000000000000014F /* Reconciliation.swift */ = {isa = PBXFileReference; lastKnownFileType = sourcecode.swift; path = Reconciliation.swift; sourceTree = "<group>"; };
		4A0000000000000000000150 /* ReconnectPolicy.swift */ = {isa = PBXFileReference; lastKnownFileType = sourcecode.swift; path = ReconnectPolicy.swift; sourceTree = "<group>"; };
		4A0000000000000000000151 /* TestProfile.swift */ = {isa = PBXFileReference; lastKnownFileType = sourcecode.swift; path = TestProfile.swift; sourceTree = "<group>"; };
		4A0000000000000000000152 /* TorrentinoDomainTests.swift */ = {isa = PBXFileReference; lastKnownFileType = sourcecode.swift; path = TorrentinoDomainTests.swift; sourceTree = "<group>"; };
		4A0000000000000000000153 /* TorrentinoIPCTests.swift */ = {isa = PBXFileReference; lastKnownFileType = sourcecode.swift; path = TorrentinoIPCTests.swift; sourceTree = "<group>"; };
		4A0000000000000000000154 /* TorrentinoAppTests.swift */ = {isa = PBXFileReference; lastKnownFileType = sourcecode.swift; path = TorrentinoAppTests.swift; sourceTree = "<group>"; };
		4A0000000000000000000201 /* Torrentino.app */ = {isa = PBXFileReference; explicitFileType = wrapper.application; includeInIndex = 0; path = Torrentino.app; sourceTree = BUILT_PRODUCTS_DIR; };
		4A0000000000000000000202 /* TorrentinoEngineAgent */ = {isa = PBXFileReference; explicitFileType = "compiled.mach-o.tool"; includeInIndex = 0; path = TorrentinoEngineAgent; sourceTree = BUILT_PRODUCTS_DIR; };
		4A0000000000000000000210 /* TorrentinoDomain.framework */ = {isa = PBXFileReference; explicitFileType = wrapper.framework; includeInIndex = 0; path = TorrentinoDomain.framework; sourceTree = BUILT_PRODUCTS_DIR; };
		4A0000000000000000000211 /* TorrentinoIPC.framework */ = {isa = PBXFileReference; explicitFileType = wrapper.framework; includeInIndex = 0; path = TorrentinoIPC.framework; sourceTree = BUILT_PRODUCTS_DIR; };
		4A0000000000000000000212 /* TorrentinoDomainTests.xctest */ = {isa = PBXFileReference; explicitFileType = wrapper.cfbundle; includeInIndex = 0; path = TorrentinoDomainTests.xctest; sourceTree = BUILT_PRODUCTS_DIR; };
		4A0000000000000000000213 /* TorrentinoIPCTests.xctest */ = {isa = PBXFileReference; explicitFileType = wrapper.cfbundle; includeInIndex = 0; path = TorrentinoIPCTests.xctest; sourceTree = BUILT_PRODUCTS_DIR; };
		4A0000000000000000000214 /* TorrentinoAppTests.xctest */ = {isa = PBXFileReference; explicitFileType = wrapper.cfbundle; includeInIndex = 0; path = TorrentinoAppTests.xctest; sourceTree = BUILT_PRODUCTS_DIR; };
		4A0000000000000000000161 /* EngineBridgeAdapter.h */ = {isa = PBXFileReference; lastKnownFileType = sourcecode.c.h; path = "TorrentinoEngineBridge/adapter/EngineBridgeAdapter.h"; sourceTree = "<group>"; };
		4A0000000000000000000162 /* EngineBridgeAdapter.mm */ = {isa = PBXFileReference; lastKnownFileType = sourcecode.cpp.objcpp; path = "TorrentinoEngineBridge/adapter/EngineBridgeAdapter.mm"; sourceTree = "<group>"; };
		4A0000000000000000000163 /* EngineCoordinator.swift */ = {isa = PBXFileReference; lastKnownFileType = sourcecode.swift; path = EngineCoordinator.swift; sourceTree = "<group>"; };
		4A0000000000000000000164 /* EngineBridgeDTOs.swift */ = {isa = PBXFileReference; lastKnownFileType = sourcecode.swift; path = EngineBridgeDTOs.swift; sourceTree = "<group>"; };
		4A0000000000000000000165 /* EngineCoordinatorError.swift */ = {isa = PBXFileReference; lastKnownFileType = sourcecode.swift; path = EngineCoordinatorError.swift; sourceTree = "<group>"; };
		4A0000000000000000000166 /* TorrentinoEngineAgent-Bridging-Header.h */ = {isa = PBXFileReference; lastKnownFileType = sourcecode.c.h; path = "TorrentinoEngineAgent-Bridging-Header.h"; sourceTree = "<group>"; };
		4A0000000000000000000167 /* EngineBridge.cpp */ = {isa = PBXFileReference; lastKnownFileType = sourcecode.cpp.cpp; path = "TorrentinoEngineBridge/bridge/EngineBridge.cpp"; sourceTree = "<group>"; };
		4A0000000000000000000168 /* libtorrent-rasterbar.a */ = {isa = PBXFileReference; lastKnownFileType = archive.ar; name = libtorrent-rasterbar.a; path = "ThirdParty/.build/prefix/libtorrent-2.1.0-release/lib/libtorrent-rasterbar.a"; sourceTree = "<group>"; };
		4A0000000000000000000169 /* libssl.a */ = {isa = PBXFileReference; lastKnownFileType = archive.ar; name = libssl.a; path = "ThirdParty/.build/prefix/openssl-3.5.7/lib/libssl.a"; sourceTree = "<group>"; };
		4A000000000000000000016A /* libcrypto.a */ = {isa = PBXFileReference; lastKnownFileType = archive.ar; name = libcrypto.a; path = "ThirdParty/.build/prefix/openssl-3.5.7/lib/libcrypto.a"; sourceTree = "<group>"; };
		4A00000000000000000001A1 /* PersistenceStore.swift */ = {isa = PBXFileReference; lastKnownFileType = sourcecode.swift; path = PersistenceStore.swift; sourceTree = "<group>"; };
		4A00000000000000000001A2 /* AtomicGeneration.swift */ = {isa = PBXFileReference; lastKnownFileType = sourcecode.swift; path = AtomicGeneration.swift; sourceTree = "<group>"; };
		4A00000000000000000001A3 /* OperationJournal.swift */ = {isa = PBXFileReference; lastKnownFileType = sourcecode.swift; path = OperationJournal.swift; sourceTree = "<group>"; };
		4A00000000000000000001A4 /* ShutdownCoordinator.swift */ = {isa = PBXFileReference; lastKnownFileType = sourcecode.swift; path = ShutdownCoordinator.swift; sourceTree = "<group>"; };
		4A00000000000000000001A5 /* StartupReconciler.swift */ = {isa = PBXFileReference; lastKnownFileType = sourcecode.swift; path = StartupReconciler.swift; sourceTree = "<group>"; };
		4A00000000000000000001A6 /* QuarantineManager.swift */ = {isa = PBXFileReference; lastKnownFileType = sourcecode.swift; path = QuarantineManager.swift; sourceTree = "<group>"; };
		4A00000000000000000001A7 /* FailpointInjector.swift */ = {isa = PBXFileReference; lastKnownFileType = sourcecode.swift; path = FailpointInjector.swift; sourceTree = "<group>"; };
		4A00000000000000000001A8 /* AdvisoryLock.swift */ = {isa = PBXFileReference; lastKnownFileType = sourcecode.swift; path = AdvisoryLock.swift; sourceTree = "<group>"; };
		4A00000000000000000001A9 /* PersistenceError.swift */ = {isa = PBXFileReference; lastKnownFileType = sourcecode.swift; path = PersistenceError.swift; sourceTree = "<group>"; };
		4A00000000000000000001AA /* SQLiteConnection.swift */ = {isa = PBXFileReference; lastKnownFileType = sourcecode.swift; path = SQLiteConnection.swift; sourceTree = "<group>"; };
		4A00000000000000000001AB /* PersistenceFixture.swift */ = {isa = PBXFileReference; lastKnownFileType = sourcecode.swift; path = PersistenceFixture.swift; sourceTree = "<group>"; };
		4A00000000000000000001AC /* TorrentinoEngineAgentTests.swift */ = {isa = PBXFileReference; lastKnownFileType = sourcecode.swift; path = TorrentinoEngineAgentTests.swift; sourceTree = "<group>"; };
		4A00000000000000000001AD /* TransferSmokeTests.swift */ = {isa = PBXFileReference; lastKnownFileType = sourcecode.swift; path = TransferSmokeTests.swift; sourceTree = "<group>"; };
		4A00000000000000000001B1 /* BencodeParser.swift */ = {isa = PBXFileReference; lastKnownFileType = sourcecode.swift; path = BencodeParser.swift; sourceTree = "<group>"; };
		4A00000000000000000001B2 /* MagnetParser.swift */ = {isa = PBXFileReference; lastKnownFileType = sourcecode.swift; path = MagnetParser.swift; sourceTree = "<group>"; };
		4A00000000000000000001B3 /* Metainfo.swift */ = {isa = PBXFileReference; lastKnownFileType = sourcecode.swift; path = Metainfo.swift; sourceTree = "<group>"; };
		4A00000000000000000001B4 /* HTTPSourceFetcher.swift */ = {isa = PBXFileReference; lastKnownFileType = sourcecode.swift; path = HTTPSourceFetcher.swift; sourceTree = "<group>"; };
		4A00000000000000000001B5 /* Preflight.swift */ = {isa = PBXFileReference; lastKnownFileType = sourcecode.swift; path = Preflight.swift; sourceTree = "<group>"; };
		4A00000000000000000001B6 /* NegativeCorpus.swift */ = {isa = PBXFileReference; lastKnownFileType = sourcecode.swift; path = NegativeCorpus.swift; sourceTree = "<group>"; };
		4A0000000000000000000814 /* SystemConditions.swift */ = {isa = PBXFileReference; lastKnownFileType = sourcecode.swift; path = SystemConditions.swift; sourceTree = "<group>"; };
		4A0000000000000000000815 /* SystemConditionMonitor.swift */ = {isa = PBXFileReference; lastKnownFileType = sourcecode.swift; path = SystemConditionMonitor.swift; sourceTree = "<group>"; };
		4A0000000000000000000816 /* CrashLoopGuard.swift */ = {isa = PBXFileReference; lastKnownFileType = sourcecode.swift; path = CrashLoopGuard.swift; sourceTree = "<group>"; };
		4A00000000000000000001B7 /* TransferRecord.swift */ = {isa = PBXFileReference; lastKnownFileType = sourcecode.swift; path = TransferRecord.swift; sourceTree = "<group>"; };
		4A00000000000000000001B8 /* TransferEventBus.swift */ = {isa = PBXFileReference; lastKnownFileType = sourcecode.swift; path = TransferEventBus.swift; sourceTree = "<group>"; };
		4A00000000000000000001B9 /* TorrentAdder.swift */ = {isa = PBXFileReference; lastKnownFileType = sourcecode.swift; path = TorrentAdder.swift; sourceTree = "<group>"; };
		4A00000000000000000001BA /* TransferCoordinator.swift */ = {isa = PBXFileReference; lastKnownFileType = sourcecode.swift; path = TransferCoordinator.swift; sourceTree = "<group>"; };
		4A00000000000000000001BB /* BridgeTransferEngine.swift */ = {isa = PBXFileReference; lastKnownFileType = sourcecode.swift; path = BridgeTransferEngine.swift; sourceTree = "<group>"; };
		4A00000000000000000001BD /* StatusCache.swift */ = {isa = PBXFileReference; lastKnownFileType = sourcecode.swift; path = StatusCache.swift; sourceTree = "<group>"; };
		4A00000000000000000001BC /* PathValidator.swift */ = {isa = PBXFileReference; lastKnownFileType = sourcecode.swift; path = PathValidator.swift; sourceTree = "<group>"; };
		4A0000000000000000000111 /* TorrentListViewModel.swift */ = {isa = PBXFileReference; lastKnownFileType = sourcecode.swift; path = TorrentListViewModel.swift; sourceTree = "<group>"; };
		4A0000000000000000000112 /* TorrentListView.swift */ = {isa = PBXFileReference; lastKnownFileType = sourcecode.swift; path = TorrentListView.swift; sourceTree = "<group>"; };
		4A0000000000000000000113 /* AddTorrentSheet.swift */ = {isa = PBXFileReference; lastKnownFileType = sourcecode.swift; path = AddTorrentSheet.swift; sourceTree = "<group>"; };
		4A0000000000000000000114 /* FixtureLibrary.swift */ = {isa = PBXFileReference; lastKnownFileType = sourcecode.swift; path = FixtureLibrary.swift; sourceTree = "<group>"; };
		4A0000000000000000000811 /* KeychainStore.swift */ = {isa = PBXFileReference; lastKnownFileType = sourcecode.swift; path = KeychainStore.swift; sourceTree = "<group>"; };
		4A0000000000000000000812 /* NotificationManager.swift */ = {isa = PBXFileReference; lastKnownFileType = sourcecode.swift; path = NotificationManager.swift; sourceTree = "<group>"; };
		4A0000000000000000000813 /* InspectorView.swift */ = {isa = PBXFileReference; lastKnownFileType = sourcecode.swift; path = InspectorView.swift; sourceTree = "<group>"; };
		4A0000000000000000000215 /* TorrentinoEngineAgentTests.xctest */ = {isa = PBXFileReference; explicitFileType = wrapper.cfbundle; includeInIndex = 0; path = TorrentinoEngineAgentTests.xctest; sourceTree = BUILT_PRODUCTS_DIR; };
/* End PBXFileReference section */

/* Begin PBXFrameworksBuildPhase section */
		4A0000000000000000000402 /* Frameworks */ = {
			isa = PBXFrameworksBuildPhase;
			buildActionMask = 2147483647;
			files = (
				4A0000000000000000000551 /* TorrentinoDomain.framework in Frameworks */,
				4A0000000000000000000552 /* TorrentinoIPC.framework in Frameworks */,
			);
			runOnlyForDeploymentPostprocessing = 0;
		};
		4A0000000000000000000412 /* Frameworks */ = {
			isa = PBXFrameworksBuildPhase;
			buildActionMask = 2147483647;
			files = (
				4A0000000000000000000553 /* TorrentinoDomain.framework in Frameworks */,
				4A0000000000000000000554 /* TorrentinoIPC.framework in Frameworks */,
				4A0000000000000000000586 /* libtorrent-rasterbar.a in Frameworks */,
				4A0000000000000000000587 /* libssl.a in Frameworks */,
				4A0000000000000000000588 /* libcrypto.a in Frameworks */,
			);
			runOnlyForDeploymentPostprocessing = 0;
		};
		4A0000000000000000000432 /* Frameworks */ = {
			isa = PBXFrameworksBuildPhase;
			buildActionMask = 2147483647;
			files = (
			);
			runOnlyForDeploymentPostprocessing = 0;
		};
		4A0000000000000000000442 /* Frameworks */ = {
			isa = PBXFrameworksBuildPhase;
			buildActionMask = 2147483647;
			files = (
			);
			runOnlyForDeploymentPostprocessing = 0;
		};
		4A0000000000000000000452 /* Frameworks */ = {
			isa = PBXFrameworksBuildPhase;
			buildActionMask = 2147483647;
			files = (
				4A0000000000000000000555 /* TorrentinoDomain.framework in Frameworks */,
			);
			runOnlyForDeploymentPostprocessing = 0;
		};
		4A0000000000000000000462 /* Frameworks */ = {
			isa = PBXFrameworksBuildPhase;
			buildActionMask = 2147483647;
			files = (
				4A0000000000000000000556 /* TorrentinoIPC.framework in Frameworks */,
			);
			runOnlyForDeploymentPostprocessing = 0;
		};
		4A0000000000000000000472 /* Frameworks */ = {
			isa = PBXFrameworksBuildPhase;
			buildActionMask = 2147483647;
			files = (
				4A0000000000000000000557 /* TorrentinoDomain.framework in Frameworks */,
				4A0000000000000000000558 /* TorrentinoIPC.framework in Frameworks */,
			);
			runOnlyForDeploymentPostprocessing = 0;
		};
		4A0000000000000000000482 /* Frameworks */ = {
			isa = PBXFrameworksBuildPhase;
			buildActionMask = 2147483647;
			files = (
				4A00000000000000000005FC /* TorrentinoDomain.framework in Frameworks */,
				4A00000000000000000005FD /* TorrentinoIPC.framework in Frameworks */,
			);
			runOnlyForDeploymentPostprocessing = 0;
		};
/* End PBXFrameworksBuildPhase section */

/* Begin PBXGroup section */
		4A0000000000000000000002 = {
			isa = PBXGroup;
			children = (
				4A0000000000000000000010 /* TorrentinoApp */,
				4A0000000000000000000014 /* TorrentinoEngineAgent */,
				4A0000000000000000000020 /* TorrentinoDomain */,
				4A0000000000000000000021 /* TorrentinoIPC */,
				4A0000000000000000000022 /* Tests */,
				4A0000000000000000000018 /* Config */,
				4A000000000000000000001F /* WP04 */,
				4A0000000000000000000003 /* Products */,
			);
			sourceTree = "<group>";
		};
		4A000000000000000000001C /* EngineCoordinator */ = {
			isa = PBXGroup;
			children = (
				4A0000000000000000000163 /* EngineCoordinator.swift */,
				4A0000000000000000000164 /* EngineBridgeDTOs.swift */,
				4A0000000000000000000165 /* EngineCoordinatorError.swift */,
			);
			path = EngineCoordinator;
			sourceTree = "<group>";
		};
		4A000000000000000000001F /* WP04 */ = {
			isa = PBXGroup;
			children = (
				4A0000000000000000000161 /* EngineBridgeAdapter.h */,
				4A0000000000000000000162 /* EngineBridgeAdapter.mm */,
				4A0000000000000000000167 /* EngineBridge.cpp */,
				4A0000000000000000000168 /* libtorrent-rasterbar.a */,
				4A0000000000000000000169 /* libssl.a */,
				4A000000000000000000016A /* libcrypto.a */,
			);
			name = WP04;
			sourceTree = "<group>";
		};
		4A0000000000000000000003 /* Products */ = {
			isa = PBXGroup;
			children = (
				4A0000000000000000000201 /* Torrentino.app */,
				4A0000000000000000000202 /* TorrentinoEngineAgent */,
				4A0000000000000000000210 /* TorrentinoDomain.framework */,
				4A0000000000000000000211 /* TorrentinoIPC.framework */,
				4A0000000000000000000212 /* TorrentinoDomainTests.xctest */,
				4A0000000000000000000213 /* TorrentinoIPCTests.xctest */,
				4A0000000000000000000214 /* TorrentinoAppTests.xctest */,
				4A0000000000000000000215 /* TorrentinoEngineAgentTests.xctest */,
			);
			name = Products;
			sourceTree = "<group>";
		};
		4A0000000000000000000010 /* TorrentinoApp */ = {
			isa = PBXGroup;
			children = (
				4A0000000000000000000011 /* App */,
				4A0000000000000000000012 /* EngineClient */,
				4A0000000000000000000013 /* Features */,
				4A000000000000000000001A /* Resources */,
			);
			path = TorrentinoApp;
			sourceTree = "<group>";
		};
		4A0000000000000000000011 /* App */ = {
			isa = PBXGroup;
			children = (
				4A0000000000000000000101 /* TorrentinoApp.swift */,
				4A0000000000000000000102 /* AppDelegate.swift */,
				4A0000000000000000000103 /* CLIDispatcher.swift */,
				4A0000000000000000000812 /* NotificationManager.swift */,
			);
			path = App;
			sourceTree = "<group>";
		};
		4A0000000000000000000012 /* EngineClient */ = {
			isa = PBXGroup;
			children = (
				4A0000000000000000000104 /* EngineClient.swift */,
				4A0000000000000000000105 /* EngineClientTypes.swift */,
				4A000000000000000000010D /* PeerValidation.swift */,
				4A000000000000000000010E /* ServiceRegistration.swift */,
			);
			path = EngineClient;
			sourceTree = "<group>";
		};
		4A0000000000000000000013 /* Features */ = {
			isa = PBXGroup;
			children = (
				4A0000000000000000000106 /* EngineViewModel.swift */,
				4A0000000000000000000107 /* ContentView.swift */,
				4A0000000000000000000111 /* TorrentListViewModel.swift */,
				4A0000000000000000000112 /* TorrentListView.swift */,
				4A0000000000000000000113 /* AddTorrentSheet.swift */,
				4A0000000000000000000114 /* FixtureLibrary.swift */,
				4A0000000000000000000813 /* InspectorView.swift */,
				4A000000000000000000001B /* Settings */,
			);
			path = Features;
			sourceTree = "<group>";
		};
		4A0000000000000000000014 /* TorrentinoEngineAgent */ = {
			isa = PBXGroup;
			children = (
				4A0000000000000000000015 /* Agent */,
				4A0000000000000000000016 /* Persistence */,
				4A0000000000000000000017 /* XPC */,
				4A000000000000000000001C /* EngineCoordinator */,
				4A000000000000000000001D /* Transfer */,
				4A0000000000000000000166 /* TorrentinoEngineAgent-Bridging-Header.h */,
			);
			path = TorrentinoEngineAgent;
			sourceTree = "<group>";
		};
		4A000000000000000000001D /* Transfer */ = {
			isa = PBXGroup;
			children = (
				4A00000000000000000001B1 /* BencodeParser.swift */,
				4A00000000000000000001B2 /* MagnetParser.swift */,
				4A00000000000000000001B3 /* Metainfo.swift */,
				4A00000000000000000001B4 /* HTTPSourceFetcher.swift */,
				4A00000000000000000001B5 /* Preflight.swift */,
				4A00000000000000000001B6 /* NegativeCorpus.swift */,
				4A00000000000000000001B7 /* TransferRecord.swift */,
				4A00000000000000000001B8 /* TransferEventBus.swift */,
				4A00000000000000000001B9 /* TorrentAdder.swift */,
				4A00000000000000000001BA /* TransferCoordinator.swift */,
				4A00000000000000000001BB /* BridgeTransferEngine.swift */,
				4A00000000000000000001BD /* StatusCache.swift */,
			);
			path = Transfer;
			sourceTree = "<group>";
		};
		4A0000000000000000000015 /* Agent */ = {
			isa = PBXGroup;
			children = (
				4A0000000000000000000108 /* AgentMain.swift */,
				4A0000000000000000000109 /* AgentRuntime.swift */,
				4A000000000000000000010A /* AgentService.swift */,
				4A0000000000000000000815 /* SystemConditionMonitor.swift */,
				4A0000000000000000000816 /* CrashLoopGuard.swift */,
			);
			path = Agent;
			sourceTree = "<group>";
		};
		4A0000000000000000000016 /* Persistence */ = {
			isa = PBXGroup;
			children = (
				4A000000000000000000010B /* CounterStore.swift */,
				4A00000000000000000001A1 /* PersistenceStore.swift */,
				4A00000000000000000001A2 /* AtomicGeneration.swift */,
				4A00000000000000000001A3 /* OperationJournal.swift */,
				4A00000000000000000001A4 /* ShutdownCoordinator.swift */,
				4A00000000000000000001A5 /* StartupReconciler.swift */,
				4A00000000000000000001A6 /* QuarantineManager.swift */,
				4A00000000000000000001A7 /* FailpointInjector.swift */,
				4A00000000000000000001A8 /* AdvisoryLock.swift */,
				4A00000000000000000001A9 /* PersistenceError.swift */,
				4A00000000000000000001AA /* SQLiteConnection.swift */,
			);
			path = Persistence;
			sourceTree = "<group>";
		};
		4A0000000000000000000017 /* XPC */ = {
			isa = PBXGroup;
			children = (
				4A000000000000000000010C /* TorrentinoEngineXPCProtocol.swift */,
			);
			path = XPC;
			sourceTree = "<group>";
		};
		4A0000000000000000000018 /* Config */ = {
			isa = PBXGroup;
			children = (
				4A0000000000000000000120 /* com.torrentino.app.engine-agent.plist */,
				4A0000000000000000000019 /* Entitlements */,
				4A0000000000000000000123 /* Shared.xcconfig */,
				4A0000000000000000000124 /* Debug.xcconfig */,
				4A0000000000000000000125 /* Release.xcconfig */,
				4A0000000000000000000126 /* lifecycle_test.sh */,
				4A0000000000000000000127 /* update_test.sh */,
				4A0000000000000000000128 /* LIFECYCLE_CONTRACT.md */,
			);
			path = Config;
			sourceTree = "<group>";
		};
		4A0000000000000000000019 /* Entitlements */ = {
			isa = PBXGroup;
			children = (
				4A0000000000000000000121 /* Torrentino.entitlements */,
				4A0000000000000000000122 /* TorrentinoEngineAgent.entitlements */,
			);
			path = Entitlements;
			sourceTree = "<group>";
		};
		4A000000000000000000001A /* Resources */ = {
			isa = PBXGroup;
			children = (
				4A0000000000000000000110 /* Localizable.xcstrings */,
			);
			path = Resources;
			sourceTree = "<group>";
		};
		4A000000000000000000001B /* Settings */ = {
			isa = PBXGroup;
			children = (
				4A000000000000000000010F /* SettingsView.swift */,
				4A0000000000000000000811 /* KeychainStore.swift */,
			);
			path = Settings;
			sourceTree = "<group>";
		};
		4A0000000000000000000020 /* TorrentinoDomain */ = {
			isa = PBXGroup;
			children = (
				4A0000000000000000000131 /* TorrentState.swift */,
				4A0000000000000000000132 /* TorrentInfo.swift */,
				4A0000000000000000000133 /* EngineError.swift */,
				4A00000000000000000001BC /* PathValidator.swift */,
			);
			path = TorrentinoDomain;
			sourceTree = "<group>";
		};
		4A0000000000000000000021 /* TorrentinoIPC */ = {
			isa = PBXGroup;
			children = (
				4A0000000000000000000141 /* IPCVersion.swift */,
				4A0000000000000000000142 /* IPCEnvelope.swift */,
				4A0000000000000000000143 /* EngineCommand.swift */,
				4A0000000000000000000144 /* EngineEvent.swift */,
				4A0000000000000000000145 /* Identity.swift */,
				4A0000000000000000000146 /* State.swift */,
				4A0000000000000000000147 /* Snapshot.swift */,
				4A0000000000000000000148 /* Commands.swift */,
				4A0000000000000000000149 /* Events.swift */,
				4A000000000000000000014A /* ErrorContract.swift */,
				4A000000000000000000014B /* Pagination.swift */,
				4A000000000000000000014C /* Settings.swift */,
				4A000000000000000000014D /* Handshake.swift */,
				4A000000000000000000014E /* Idempotency.swift */,
				4A000000000000000000014F /* Reconciliation.swift */,
				4A0000000000000000000150 /* ReconnectPolicy.swift */,
				4A0000000000000000000814 /* SystemConditions.swift */,
			);
			path = TorrentinoIPC;
			sourceTree = "<group>";
		};
		4A0000000000000000000022 /* Tests */ = {
			isa = PBXGroup;
			children = (
				4A0000000000000000000023 /* TestSupport */,
				4A0000000000000000000024 /* TorrentinoDomainTests */,
				4A0000000000000000000025 /* TorrentinoIPCTests */,
				4A0000000000000000000026 /* TorrentinoAppTests */,
				4A0000000000000000000027 /* TorrentinoEngineAgentTests */,
			);
			path = Tests;
			sourceTree = "<group>";
		};
		4A0000000000000000000023 /* TestSupport */ = {
			isa = PBXGroup;
			children = (
				4A0000000000000000000151 /* TestProfile.swift */,
			);
			path = TestSupport;
			sourceTree = "<group>";
		};
		4A0000000000000000000024 /* TorrentinoDomainTests */ = {
			isa = PBXGroup;
			children = (
				4A0000000000000000000152 /* TorrentinoDomainTests.swift */,
			);
			path = TorrentinoDomainTests;
			sourceTree = "<group>";
		};
		4A0000000000000000000025 /* TorrentinoIPCTests */ = {
			isa = PBXGroup;
			children = (
				4A0000000000000000000153 /* TorrentinoIPCTests.swift */,
			);
			path = TorrentinoIPCTests;
			sourceTree = "<group>";
		};
		4A0000000000000000000026 /* TorrentinoAppTests */ = {
			isa = PBXGroup;
			children = (
				4A0000000000000000000154 /* TorrentinoAppTests.swift */,
			);
			path = TorrentinoAppTests;
			sourceTree = "<group>";
		};
		4A0000000000000000000027 /* TorrentinoEngineAgentTests */ = {
			isa = PBXGroup;
			children = (
				4A00000000000000000001AB /* PersistenceFixture.swift */,
				4A00000000000000000001AC /* TorrentinoEngineAgentTests.swift */,
				4A00000000000000000001AD /* TransferSmokeTests.swift */,
			);
			path = TorrentinoEngineAgentTests;
			sourceTree = "<group>";
		};
/* End PBXGroup section */

/* Begin PBXHeadersBuildPhase section */
		4A0000000000000000000433 /* Headers */ = {
			isa = PBXHeadersBuildPhase;
			buildActionMask = 2147483647;
			files = (
			);
			runOnlyForDeploymentPostprocessing = 0;
		};
		4A0000000000000000000443 /* Headers */ = {
			isa = PBXHeadersBuildPhase;
			buildActionMask = 2147483647;
			files = (
			);
			runOnlyForDeploymentPostprocessing = 0;
		};
/* End PBXHeadersBuildPhase section */

/* Begin PBXNativeTarget section */
		4A0000000000000000000301 /* Torrentino */ = {
			isa = PBXNativeTarget;
			buildConfigurationList = 4A0000000000000000000702 /* Build configuration list for PBXNativeTarget "Torrentino" */;
			buildPhases = (
				4A0000000000000000000401 /* Sources */,
				4A0000000000000000000402 /* Frameworks */,
				4A0000000000000000000404 /* Resources */,
				4A0000000000000000000403 /* Embed LaunchAgent */,
			);
			buildRules = (
			);
			dependencies = (
				4A0000000000000000000601 /* PBXTargetDependency */,
				4A0000000000000000000611 /* PBXTargetDependency */,
				4A0000000000000000000613 /* PBXTargetDependency */,
			);
			name = Torrentino;
			productName = Torrentino;
			productReference = 4A0000000000000000000201 /* Torrentino.app */;
			productType = "com.apple.product-type.application";
		};
		4A0000000000000000000302 /* TorrentinoEngineAgent */ = {
			isa = PBXNativeTarget;
			buildConfigurationList = 4A0000000000000000000703 /* Build configuration list for PBXNativeTarget "TorrentinoEngineAgent" */;
			buildPhases = (
				4A0000000000000000000411 /* Sources */,
				4A0000000000000000000412 /* Frameworks */,
			);
			buildRules = (
			);
			dependencies = (
				4A0000000000000000000615 /* PBXTargetDependency */,
				4A0000000000000000000617 /* PBXTargetDependency */,
			);
			name = TorrentinoEngineAgent;
			productName = TorrentinoEngineAgent;
			productReference = 4A0000000000000000000202 /* TorrentinoEngineAgent */;
			productType = "com.apple.product-type.tool";
		};
		4A0000000000000000000310 /* TorrentinoDomain */ = {
			isa = PBXNativeTarget;
			buildConfigurationList = 4A0000000000000000000704 /* Build configuration list for PBXNativeTarget "TorrentinoDomain" */;
			buildPhases = (
				4A0000000000000000000433 /* Headers */,
				4A0000000000000000000431 /* Sources */,
				4A0000000000000000000432 /* Frameworks */,
			);
			buildRules = (
			);
			dependencies = (
			);
			name = TorrentinoDomain;
			productName = TorrentinoDomain;
			productReference = 4A0000000000000000000210 /* TorrentinoDomain.framework */;
			productType = "com.apple.product-type.framework";
		};
		4A0000000000000000000311 /* TorrentinoIPC */ = {
			isa = PBXNativeTarget;
			buildConfigurationList = 4A0000000000000000000705 /* Build configuration list for PBXNativeTarget "TorrentinoIPC" */;
			buildPhases = (
				4A0000000000000000000443 /* Headers */,
				4A0000000000000000000441 /* Sources */,
				4A0000000000000000000442 /* Frameworks */,
			);
			buildRules = (
			);
			dependencies = (
			);
			name = TorrentinoIPC;
			productName = TorrentinoIPC;
			productReference = 4A0000000000000000000211 /* TorrentinoIPC.framework */;
			productType = "com.apple.product-type.framework";
		};
		4A0000000000000000000312 /* TorrentinoDomainTests */ = {
			isa = PBXNativeTarget;
			buildConfigurationList = 4A0000000000000000000706 /* Build configuration list for PBXNativeTarget "TorrentinoDomainTests" */;
			buildPhases = (
				4A0000000000000000000451 /* Sources */,
				4A0000000000000000000452 /* Frameworks */,
			);
			buildRules = (
			);
			dependencies = (
				4A0000000000000000000621 /* PBXTargetDependency */,
			);
			name = TorrentinoDomainTests;
			productName = TorrentinoDomainTests;
			productReference = 4A0000000000000000000212 /* TorrentinoDomainTests.xctest */;
			productType = "com.apple.product-type.bundle.unit-test";
		};
		4A0000000000000000000313 /* TorrentinoIPCTests */ = {
			isa = PBXNativeTarget;
			buildConfigurationList = 4A0000000000000000000707 /* Build configuration list for PBXNativeTarget "TorrentinoIPCTests" */;
			buildPhases = (
				4A0000000000000000000461 /* Sources */,
				4A0000000000000000000462 /* Frameworks */,
			);
			buildRules = (
			);
			dependencies = (
				4A0000000000000000000623 /* PBXTargetDependency */,
			);
			name = TorrentinoIPCTests;
			productName = TorrentinoIPCTests;
			productReference = 4A0000000000000000000213 /* TorrentinoIPCTests.xctest */;
			productType = "com.apple.product-type.bundle.unit-test";
		};
		4A0000000000000000000314 /* TorrentinoAppTests */ = {
			isa = PBXNativeTarget;
			buildConfigurationList = 4A0000000000000000000708 /* Build configuration list for PBXNativeTarget "TorrentinoAppTests" */;
			buildPhases = (
				4A0000000000000000000471 /* Sources */,
				4A0000000000000000000472 /* Frameworks */,
			);
			buildRules = (
			);
			dependencies = (
				4A0000000000000000000627 /* PBXTargetDependency */,
				4A0000000000000000000629 /* PBXTargetDependency */,
			);
			name = TorrentinoAppTests;
			productName = TorrentinoAppTests;
			productReference = 4A0000000000000000000214 /* TorrentinoAppTests.xctest */;
			productType = "com.apple.product-type.bundle.unit-test";
		};
		4A0000000000000000000315 /* TorrentinoEngineAgentTests */ = {
			isa = PBXNativeTarget;
			buildConfigurationList = 4A0000000000000000000709 /* Build configuration list for PBXNativeTarget "TorrentinoEngineAgentTests" */;
			buildPhases = (
				4A0000000000000000000481 /* Sources */,
				4A0000000000000000000482 /* Frameworks */,
			);
			buildRules = (
			);
			dependencies = (
				4A0000000000000000000631 /* PBXTargetDependency */,
				4A0000000000000000000633 /* PBXTargetDependency */,
			);
			name = TorrentinoEngineAgentTests;
			productName = TorrentinoEngineAgentTests;
			productReference = 4A0000000000000000000215 /* TorrentinoEngineAgentTests.xctest */;
			productType = "com.apple.product-type.bundle.unit-test";
		};
/* End PBXNativeTarget section */

/* Begin PBXProject section */
		4A0000000000000000000001 /* Project object */ = {
			isa = PBXProject;
			attributes = {
				BuildIndependentTargetsInParallel = 1;
				LastSwiftUpdateCheck = 1540;
				LastUpgradeCheck = 1540;
				TargetAttributes = {
					4A0000000000000000000301 = {
						CreatedOnToolsVersion = 15.4;
					};
					4A0000000000000000000302 = {
						CreatedOnToolsVersion = 15.4;
					};
					4A0000000000000000000310 = {
						CreatedOnToolsVersion = 15.4;
					};
					4A0000000000000000000311 = {
						CreatedOnToolsVersion = 15.4;
					};
					4A0000000000000000000312 = {
						CreatedOnToolsVersion = 15.4;
					};
					4A0000000000000000000313 = {
						CreatedOnToolsVersion = 15.4;
					};
				4A0000000000000000000314 = {
					CreatedOnToolsVersion = 15.4;
				};
				4A0000000000000000000315 = {
					CreatedOnToolsVersion = 15.4;
				};
			};
			};
			buildConfigurationList = 4A0000000000000000000701 /* Build configuration list for PBXProject "Torrentino" */;
			compatibilityVersion = "Xcode 14.0";
			developmentRegion = en;
			hasScannedForEncodings = 0;
			knownRegions = (
				en,
				Base,
				ru,
			);
			mainGroup = 4A0000000000000000000002;
			productRefGroup = 4A0000000000000000000003 /* Products */;
			projectDirPath = "";
			projectRoot = "";
			targets = (
				4A0000000000000000000301 /* Torrentino */,
				4A0000000000000000000302 /* TorrentinoEngineAgent */,
				4A0000000000000000000310 /* TorrentinoDomain */,
				4A0000000000000000000311 /* TorrentinoIPC */,
				4A0000000000000000000312 /* TorrentinoDomainTests */,
				4A0000000000000000000313 /* TorrentinoIPCTests */,
				4A0000000000000000000314 /* TorrentinoAppTests */,
				4A0000000000000000000315 /* TorrentinoEngineAgentTests */,
			);
		};
/* End PBXProject section */

/* Begin PBXResourcesBuildPhase section */
		4A0000000000000000000404 /* Resources */ = {
			isa = PBXResourcesBuildPhase;
			buildActionMask = 2147483647;
			files = (
				4A0000000000000000000510 /* Localizable.xcstrings in Resources */,
			);
			runOnlyForDeploymentPostprocessing = 0;
		};
/* End PBXResourcesBuildPhase section */

/* Begin PBXSourcesBuildPhase section */
		4A0000000000000000000401 /* Sources */ = {
			isa = PBXSourcesBuildPhase;
			buildActionMask = 2147483647;
			files = (
				4A0000000000000000000501 /* TorrentinoApp.swift in Sources */,
				4A0000000000000000000502 /* AppDelegate.swift in Sources */,
				4A0000000000000000000503 /* CLIDispatcher.swift in Sources */,
				4A0000000000000000000504 /* EngineClient.swift in Sources */,
				4A0000000000000000000505 /* EngineClientTypes.swift in Sources */,
				4A0000000000000000000559 /* PeerValidation.swift in Sources */,
				4A0000000000000000000506 /* EngineViewModel.swift in Sources */,
				4A0000000000000000000507 /* ContentView.swift in Sources */,
				4A00000000000000000005F1 /* TorrentListViewModel.swift in Sources */,
				4A00000000000000000005F2 /* TorrentListView.swift in Sources */,
				4A00000000000000000005F3 /* AddTorrentSheet.swift in Sources */,
				4A00000000000000000005F4 /* FixtureLibrary.swift in Sources */,
				4A000000000000000000050F /* SettingsView.swift in Sources */,
				4A0000000000000000000801 /* KeychainStore.swift in Sources */,
				4A0000000000000000000802 /* NotificationManager.swift in Sources */,
				4A0000000000000000000803 /* InspectorView.swift in Sources */,
				4A000000000000000000050D /* TorrentinoEngineXPCProtocol.swift in Sources */,
				4A000000000000000000050E /* ServiceRegistration.swift in Sources */,
			);
			runOnlyForDeploymentPostprocessing = 0;
		};
		4A0000000000000000000411 /* Sources */ = {
			isa = PBXSourcesBuildPhase;
			buildActionMask = 2147483647;
			files = (
				4A0000000000000000000508 /* AgentMain.swift in Sources */,
				4A0000000000000000000509 /* AgentRuntime.swift in Sources */,
				4A000000000000000000050A /* AgentService.swift in Sources */,
				4A0000000000000000000825 /* SystemConditionMonitor.swift in Sources */,
				4A0000000000000000000827 /* CrashLoopGuard.swift in Sources */,
				4A000000000000000000050B /* CounterStore.swift in Sources */,
				4A00000000000000000005A1 /* PersistenceStore.swift in Sources */,
				4A00000000000000000005A2 /* AtomicGeneration.swift in Sources */,
				4A00000000000000000005A3 /* OperationJournal.swift in Sources */,
				4A00000000000000000005A4 /* ShutdownCoordinator.swift in Sources */,
				4A00000000000000000005A5 /* StartupReconciler.swift in Sources */,
				4A00000000000000000005A6 /* QuarantineManager.swift in Sources */,
				4A00000000000000000005A7 /* FailpointInjector.swift in Sources */,
				4A00000000000000000005A8 /* AdvisoryLock.swift in Sources */,
				4A00000000000000000005A9 /* PersistenceError.swift in Sources */,
				4A00000000000000000005AA /* SQLiteConnection.swift in Sources */,
				4A000000000000000000050C /* TorrentinoEngineXPCProtocol.swift in Sources */,
				4A0000000000000000000585 /* EngineBridge.cpp in Sources */,
				4A0000000000000000000581 /* EngineBridgeAdapter.mm in Sources */,
				4A0000000000000000000582 /* EngineCoordinator.swift in Sources */,
				4A0000000000000000000583 /* EngineBridgeDTOs.swift in Sources */,
				4A0000000000000000000584 /* EngineCoordinatorError.swift in Sources */,
				4A00000000000000000005D1 /* BencodeParser.swift in Sources */,
				4A00000000000000000005D2 /* MagnetParser.swift in Sources */,
				4A00000000000000000005D3 /* Metainfo.swift in Sources */,
				4A00000000000000000005D4 /* HTTPSourceFetcher.swift in Sources */,
				4A00000000000000000005D5 /* Preflight.swift in Sources */,
				4A00000000000000000005D6 /* NegativeCorpus.swift in Sources */,
				4A00000000000000000005D7 /* TransferRecord.swift in Sources */,
				4A00000000000000000005D8 /* TransferEventBus.swift in Sources */,
				4A00000000000000000005D9 /* TorrentAdder.swift in Sources */,
				4A00000000000000000005DA /* TransferCoordinator.swift in Sources */,
				4A00000000000000000005DB /* BridgeTransferEngine.swift in Sources */,
				4A0000000000000000000828 /* StatusCache.swift in Sources */,
			);
			runOnlyForDeploymentPostprocessing = 0;
		};
		4A0000000000000000000431 /* Sources */ = {
			isa = PBXSourcesBuildPhase;
			buildActionMask = 2147483647;
			files = (
				4A0000000000000000000531 /* TorrentState.swift in Sources */,
				4A0000000000000000000532 /* TorrentInfo.swift in Sources */,
				4A0000000000000000000533 /* EngineError.swift in Sources */,
				4A00000000000000000005E1 /* PathValidator.swift in Sources */,
			);
			runOnlyForDeploymentPostprocessing = 0;
		};
		4A0000000000000000000441 /* Sources */ = {
			isa = PBXSourcesBuildPhase;
			buildActionMask = 2147483647;
			files = (
				4A0000000000000000000541 /* IPCVersion.swift in Sources */,
				4A0000000000000000000542 /* IPCEnvelope.swift in Sources */,
				4A0000000000000000000543 /* EngineCommand.swift in Sources */,
				4A0000000000000000000544 /* EngineEvent.swift in Sources */,
				4A0000000000000000000545 /* Identity.swift in Sources */,
				4A0000000000000000000546 /* State.swift in Sources */,
				4A0000000000000000000547 /* Snapshot.swift in Sources */,
				4A0000000000000000000548 /* Commands.swift in Sources */,
				4A0000000000000000000549 /* Events.swift in Sources */,
				4A000000000000000000054A /* ErrorContract.swift in Sources */,
				4A000000000000000000054B /* Pagination.swift in Sources */,
				4A000000000000000000054C /* Settings.swift in Sources */,
				4A000000000000000000054D /* Handshake.swift in Sources */,
				4A000000000000000000054E /* Idempotency.swift in Sources */,
				4A000000000000000000054F /* Reconciliation.swift in Sources */,
				4A0000000000000000000550 /* ReconnectPolicy.swift in Sources */,
				4A0000000000000000000824 /* SystemConditions.swift in Sources */,
			);
			runOnlyForDeploymentPostprocessing = 0;
		};
		4A0000000000000000000451 /* Sources */ = {
			isa = PBXSourcesBuildPhase;
			buildActionMask = 2147483647;
			files = (
				4A0000000000000000000561 /* TestProfile.swift in Sources */,
				4A0000000000000000000564 /* TorrentinoDomainTests.swift in Sources */,
			);
			runOnlyForDeploymentPostprocessing = 0;
		};
		4A0000000000000000000461 /* Sources */ = {
			isa = PBXSourcesBuildPhase;
			buildActionMask = 2147483647;
			files = (
				4A0000000000000000000562 /* TestProfile.swift in Sources */,
				4A0000000000000000000565 /* TorrentinoIPCTests.swift in Sources */,
			);
			runOnlyForDeploymentPostprocessing = 0;
		};
		4A0000000000000000000471 /* Sources */ = {
			isa = PBXSourcesBuildPhase;
			buildActionMask = 2147483647;
			files = (
				4A0000000000000000000563 /* TestProfile.swift in Sources */,
				4A0000000000000000000566 /* TorrentinoAppTests.swift in Sources */,
				4A0000000000000000000804 /* KeychainStore.swift in Sources */,
				4A0000000000000000000805 /* NotificationManager.swift in Sources */,
				4A0000000000000000000806 /* FixtureLibrary.swift in Sources */,
				4A000000000000000000055B /* PeerValidation.swift in Sources */,
			);
			runOnlyForDeploymentPostprocessing = 0;
		};
		4A0000000000000000000481 /* Sources */ = {
			isa = PBXSourcesBuildPhase;
			buildActionMask = 2147483647;
			files = (
				4A0000000000000000000567 /* TestProfile.swift in Sources */,
				4A00000000000000000005B1 /* PersistenceFixture.swift in Sources */,
				4A00000000000000000005B2 /* TorrentinoEngineAgentTests.swift in Sources */,
				4A00000000000000000005C1 /* PersistenceStore.swift in Sources */,
				4A00000000000000000005C2 /* AtomicGeneration.swift in Sources */,
				4A00000000000000000005C3 /* OperationJournal.swift in Sources */,
				4A00000000000000000005C4 /* ShutdownCoordinator.swift in Sources */,
				4A00000000000000000005C5 /* StartupReconciler.swift in Sources */,
				4A00000000000000000005C6 /* QuarantineManager.swift in Sources */,
				4A00000000000000000005C7 /* FailpointInjector.swift in Sources */,
				4A00000000000000000005C8 /* AdvisoryLock.swift in Sources */,
				4A00000000000000000005C9 /* PersistenceError.swift in Sources */,
				4A00000000000000000005CA /* SQLiteConnection.swift in Sources */,
				4A00000000000000000005E4 /* EngineBridgeDTOs.swift in Sources */,
				4A0000000000000000000826 /* EngineCoordinatorError.swift in Sources */,
				4A00000000000000000005E5 /* TransferRecord.swift in Sources */,
				4A00000000000000000005E6 /* TransferEventBus.swift in Sources */,
				4A00000000000000000005E7 /* TorrentAdder.swift in Sources */,
				4A00000000000000000005E8 /* TransferCoordinator.swift in Sources */,
				4A00000000000000000005E9 /* Metainfo.swift in Sources */,
				4A00000000000000000005EA /* BencodeParser.swift in Sources */,
				4A00000000000000000005EB /* MagnetParser.swift in Sources */,
				4A00000000000000000005EC /* Preflight.swift in Sources */,
				4A00000000000000000005ED /* HTTPSourceFetcher.swift in Sources */,
				4A00000000000000000005EE /* NegativeCorpus.swift in Sources */,
				4A00000000000000000005F0 /* TransferSmokeTests.swift in Sources */,
				4A0000000000000000000829 /* CrashLoopGuard.swift in Tests */,
				4A000000000000000000082A /* StatusCache.swift in Tests */,
				4A000000000000000000082B /* SystemConditionMonitor.swift in Tests */,
			);
			runOnlyForDeploymentPostprocessing = 0;
		};
/* End PBXSourcesBuildPhase section */

/* Begin PBXTargetDependency section */
		4A0000000000000000000601 /* PBXTargetDependency */ = {
			isa = PBXTargetDependency;
			target = 4A0000000000000000000302 /* TorrentinoEngineAgent */;
			targetProxy = 4A0000000000000000000602 /* PBXContainerItemProxy */;
		};
		4A0000000000000000000611 /* PBXTargetDependency */ = {
			isa = PBXTargetDependency;
			target = 4A0000000000000000000310 /* TorrentinoDomain */;
			targetProxy = 4A0000000000000000000612 /* PBXContainerItemProxy */;
		};
		4A0000000000000000000613 /* PBXTargetDependency */ = {
			isa = PBXTargetDependency;
			target = 4A0000000000000000000311 /* TorrentinoIPC */;
			targetProxy = 4A0000000000000000000614 /* PBXContainerItemProxy */;
		};
		4A0000000000000000000615 /* PBXTargetDependency */ = {
			isa = PBXTargetDependency;
			target = 4A0000000000000000000310 /* TorrentinoDomain */;
			targetProxy = 4A0000000000000000000616 /* PBXContainerItemProxy */;
		};
		4A0000000000000000000617 /* PBXTargetDependency */ = {
			isa = PBXTargetDependency;
			target = 4A0000000000000000000311 /* TorrentinoIPC */;
			targetProxy = 4A0000000000000000000618 /* PBXContainerItemProxy */;
		};
		4A0000000000000000000621 /* PBXTargetDependency */ = {
			isa = PBXTargetDependency;
			target = 4A0000000000000000000310 /* TorrentinoDomain */;
			targetProxy = 4A0000000000000000000622 /* PBXContainerItemProxy */;
		};
		4A0000000000000000000623 /* PBXTargetDependency */ = {
			isa = PBXTargetDependency;
			target = 4A0000000000000000000311 /* TorrentinoIPC */;
			targetProxy = 4A0000000000000000000624 /* PBXContainerItemProxy */;
		};
		4A0000000000000000000627 /* PBXTargetDependency */ = {
			isa = PBXTargetDependency;
			target = 4A0000000000000000000310 /* TorrentinoDomain */;
			targetProxy = 4A0000000000000000000628 /* PBXContainerItemProxy */;
		};
		4A0000000000000000000631 /* PBXTargetDependency */ = {
			isa = PBXTargetDependency;
			target = 4A0000000000000000000310 /* TorrentinoDomain */;
			targetProxy = 4A0000000000000000000632 /* PBXContainerItemProxy */;
		};
		4A0000000000000000000633 /* PBXTargetDependency */ = {
			isa = PBXTargetDependency;
			target = 4A0000000000000000000311 /* TorrentinoIPC */;
			targetProxy = 4A0000000000000000000634 /* PBXContainerItemProxy */;
		};
		4A0000000000000000000629 /* PBXTargetDependency */ = {
			isa = PBXTargetDependency;
			target = 4A0000000000000000000311 /* TorrentinoIPC */;
			targetProxy = 4A000000000000000000062A /* PBXContainerItemProxy */;
		};
/* End PBXTargetDependency section */

/* Begin XCBuildConfiguration section */
		4A0000000000000000000711 /* Debug */ = {
			isa = XCBuildConfiguration;
			baseConfigurationReference = 4A0000000000000000000124 /* Debug.xcconfig */;
			buildSettings = {
			};
			name = Debug;
		};
		4A0000000000000000000712 /* Release */ = {
			isa = XCBuildConfiguration;
			baseConfigurationReference = 4A0000000000000000000125 /* Release.xcconfig */;
			buildSettings = {
			};
			name = Release;
		};
		4A0000000000000000000713 /* Debug */ = {
			isa = XCBuildConfiguration;
			baseConfigurationReference = 4A0000000000000000000124 /* Debug.xcconfig */;
			buildSettings = {
				CODE_SIGN_ENTITLEMENTS = Config/Entitlements/Torrentino.entitlements;
				COMBINE_HIDPI_IMAGES = YES;
				COPY_PHASE_STRIP = NO;
				STRIP_INSTALLED_PRODUCT = NO;
				CURRENT_PROJECT_VERSION = 1;
				ENABLE_PREVIEWS = YES;
				GENERATE_INFOPLIST_FILE = NO;
				INFOPLIST_FILE = TorrentinoApp/Info.plist;
				LD_RUNPATH_SEARCH_PATHS = (
					"$(inherited)",
					"@executable_path/../Frameworks",
				);
				MARKETING_VERSION = 1.0;
				PRODUCT_BUNDLE_IDENTIFIER = com.torrentino.app;
				PRODUCT_NAME = Torrentino;
				SWIFT_EMIT_CONST_VALUE_PROTOCOLS = "";
				SWIFT_EMIT_LOC_STRINGS = YES;
			};
			name = Debug;
		};
		4A0000000000000000000714 /* Release */ = {
			isa = XCBuildConfiguration;
			baseConfigurationReference = 4A0000000000000000000125 /* Release.xcconfig */;
			buildSettings = {
				CODE_SIGN_ENTITLEMENTS = Config/Entitlements/Torrentino.entitlements;
				COMBINE_HIDPI_IMAGES = YES;
				COPY_PHASE_STRIP = NO;
				STRIP_INSTALLED_PRODUCT = NO;
				CURRENT_PROJECT_VERSION = 1;
				ENABLE_PREVIEWS = YES;
				GENERATE_INFOPLIST_FILE = NO;
				INFOPLIST_FILE = TorrentinoApp/Info.plist;
				LD_RUNPATH_SEARCH_PATHS = (
					"$(inherited)",
					"@executable_path/../Frameworks",
				);
				MARKETING_VERSION = 1.0;
				PRODUCT_BUNDLE_IDENTIFIER = com.torrentino.app;
				PRODUCT_NAME = Torrentino;
				SWIFT_EMIT_CONST_VALUE_PROTOCOLS = "";
				SWIFT_EMIT_LOC_STRINGS = YES;
			};
			name = Release;
		};
		4A0000000000000000000715 /* Debug */ = {
			isa = XCBuildConfiguration;
			baseConfigurationReference = 4A0000000000000000000124 /* Debug.xcconfig */;
			buildSettings = {
				CODE_SIGN_ENTITLEMENTS = Config/Entitlements/TorrentinoEngineAgent.entitlements;
				CURRENT_PROJECT_VERSION = 1;
				MARKETING_VERSION = 1.0;
				OTHER_CODE_SIGN_FLAGS = "--identifier=com.torrentino.app.engine-agent";
				PRODUCT_BUNDLE_IDENTIFIER = com.torrentino.app.engine-agent;
				PRODUCT_NAME = TorrentinoEngineAgent;
				// WP-04 bridge integration (locked ThirdParty pins from versions.lock):
				// adapter .mm + EngineBridge.cpp compile as ObjC++/C++17; the Swift
				// actor sees only the adapter through the bridging header.
				CLANG_CXX_LANGUAGE_STANDARD = "c++17";
				CLANG_ENABLE_OBJC_ARC = YES;
				SWIFT_OBJC_BRIDGING_HEADER = "TorrentinoEngineAgent/TorrentinoEngineAgent-Bridging-Header.h";
				GCC_PREPROCESSOR_DEFINITIONS = (
					"$(inherited)",
					"TORRENT_ABI_VERSION=2",
					"TORRENT_USE_I2P=0",
					"TORRENT_USE_RTC=0",
					"TORRENT_USE_OPENSSL=1",
					"TORRENT_USE_LIBCRYPTO=1",
					"TORRENT_SSL_PEERS=1",
					"TORRENT_NO_DEPRECATE=1",
				);
				HEADER_SEARCH_PATHS = (
					"$(inherited)",
					"$(SRCROOT)/TorrentinoEngineBridge/adapter",
					"$(SRCROOT)/TorrentinoEngineBridge/bridge",
					"$(SRCROOT)/ThirdParty/.build/prefix/libtorrent-2.1.0-release/include",
					"$(SRCROOT)/ThirdParty/.build/prefix/boost-1.91.0/include",
					"$(SRCROOT)/ThirdParty/.build/prefix/openssl-3.5.7/include",
				);
				OTHER_LDFLAGS = (
					"$(inherited)",
					"-framework CoreFoundation",
					"-framework SystemConfiguration",
					"-framework Network",
					"-framework AppKit",
					"-lsqlite3",
				);
				LIBRARY_SEARCH_PATHS = (
					"$(inherited)",
					"$(SRCROOT)/ThirdParty/.build/prefix/libtorrent-2.1.0-release/lib",
					"$(SRCROOT)/ThirdParty/.build/prefix/openssl-3.5.7/lib",
				);
			};
			name = Debug;
		};
		4A0000000000000000000716 /* Release */ = {
			isa = XCBuildConfiguration;
			baseConfigurationReference = 4A0000000000000000000125 /* Release.xcconfig */;
			buildSettings = {
				CODE_SIGN_ENTITLEMENTS = Config/Entitlements/TorrentinoEngineAgent.entitlements;
				CURRENT_PROJECT_VERSION = 1;
				MARKETING_VERSION = 1.0;
				OTHER_CODE_SIGN_FLAGS = "--identifier=com.torrentino.app.engine-agent";
				PRODUCT_BUNDLE_IDENTIFIER = com.torrentino.app.engine-agent;
				PRODUCT_NAME = TorrentinoEngineAgent;
				// WP-04 bridge integration (locked ThirdParty pins from versions.lock):
				// adapter .mm + EngineBridge.cpp compile as ObjC++/C++17; the Swift
				// actor sees only the adapter through the bridging header.
				CLANG_CXX_LANGUAGE_STANDARD = "c++17";
				CLANG_ENABLE_OBJC_ARC = YES;
				SWIFT_OBJC_BRIDGING_HEADER = "TorrentinoEngineAgent/TorrentinoEngineAgent-Bridging-Header.h";
				GCC_PREPROCESSOR_DEFINITIONS = (
					"$(inherited)",
					"TORRENT_ABI_VERSION=2",
					"TORRENT_USE_I2P=0",
					"TORRENT_USE_RTC=0",
					"TORRENT_USE_OPENSSL=1",
					"TORRENT_USE_LIBCRYPTO=1",
					"TORRENT_SSL_PEERS=1",
					"TORRENT_NO_DEPRECATE=1",
				);
				HEADER_SEARCH_PATHS = (
					"$(inherited)",
					"$(SRCROOT)/TorrentinoEngineBridge/adapter",
					"$(SRCROOT)/TorrentinoEngineBridge/bridge",
					"$(SRCROOT)/ThirdParty/.build/prefix/libtorrent-2.1.0-release/include",
					"$(SRCROOT)/ThirdParty/.build/prefix/boost-1.91.0/include",
					"$(SRCROOT)/ThirdParty/.build/prefix/openssl-3.5.7/include",
				);
				OTHER_LDFLAGS = (
					"$(inherited)",
					"-framework CoreFoundation",
					"-framework SystemConfiguration",
					"-framework Network",
					"-framework AppKit",
					"-lsqlite3",
				);
				LIBRARY_SEARCH_PATHS = (
					"$(inherited)",
					"$(SRCROOT)/ThirdParty/.build/prefix/libtorrent-2.1.0-release/lib",
					"$(SRCROOT)/ThirdParty/.build/prefix/openssl-3.5.7/lib",
				);
			};
			name = Release;
		};
		4A0000000000000000000717 /* Debug */ = {
			isa = XCBuildConfiguration;
			baseConfigurationReference = 4A0000000000000000000124 /* Debug.xcconfig */;
			buildSettings = {
				COMBINE_HIDPI_IMAGES = YES;
				CURRENT_PROJECT_VERSION = 1;
				DYLIB_COMPATIBILITY_VERSION = 1;
				DYLIB_CURRENT_VERSION = 1;
				DYLIB_INSTALL_NAME_BASE = "@rpath";
				ENABLE_TESTABILITY = YES;
				GENERATE_INFOPLIST_FILE = YES;
				INSTALL_PATH = "$(LOCAL_LIBRARY_DIR)/Frameworks";
				MACH_O_TYPE = staticlib;
				MARKETING_VERSION = 1.0;
				PRODUCT_BUNDLE_IDENTIFIER = com.torrentino.domain;
				PRODUCT_NAME = "$(TARGET_NAME:c99extidentifier)";
				SKIP_INSTALL = YES;
				SWIFT_INSTALL_OBJC_HEADER = NO;
			};
			name = Debug;
		};
		4A0000000000000000000718 /* Release */ = {
			isa = XCBuildConfiguration;
			baseConfigurationReference = 4A0000000000000000000125 /* Release.xcconfig */;
			buildSettings = {
				COMBINE_HIDPI_IMAGES = YES;
				CURRENT_PROJECT_VERSION = 1;
				DYLIB_COMPATIBILITY_VERSION = 1;
				DYLIB_CURRENT_VERSION = 1;
				DYLIB_INSTALL_NAME_BASE = "@rpath";
				GENERATE_INFOPLIST_FILE = YES;
				INSTALL_PATH = "$(LOCAL_LIBRARY_DIR)/Frameworks";
				MACH_O_TYPE = staticlib;
				MARKETING_VERSION = 1.0;
				PRODUCT_BUNDLE_IDENTIFIER = com.torrentino.domain;
				PRODUCT_NAME = "$(TARGET_NAME:c99extidentifier)";
				SKIP_INSTALL = YES;
				SWIFT_INSTALL_OBJC_HEADER = NO;
			};
			name = Release;
		};
		4A0000000000000000000719 /* Debug */ = {
			isa = XCBuildConfiguration;
			baseConfigurationReference = 4A0000000000000000000124 /* Debug.xcconfig */;
			buildSettings = {
				COMBINE_HIDPI_IMAGES = YES;
				CURRENT_PROJECT_VERSION = 1;
				DYLIB_COMPATIBILITY_VERSION = 1;
				DYLIB_CURRENT_VERSION = 1;
				DYLIB_INSTALL_NAME_BASE = "@rpath";
				ENABLE_TESTABILITY = YES;
				GENERATE_INFOPLIST_FILE = YES;
				INSTALL_PATH = "$(LOCAL_LIBRARY_DIR)/Frameworks";
				MACH_O_TYPE = staticlib;
				MARKETING_VERSION = 1.0;
				PRODUCT_BUNDLE_IDENTIFIER = com.torrentino.ipc;
				PRODUCT_NAME = "$(TARGET_NAME:c99extidentifier)";
				SKIP_INSTALL = YES;
				SWIFT_INSTALL_OBJC_HEADER = NO;
			};
			name = Debug;
		};
		4A000000000000000000071A /* Release */ = {
			isa = XCBuildConfiguration;
			baseConfigurationReference = 4A0000000000000000000125 /* Release.xcconfig */;
			buildSettings = {
				COMBINE_HIDPI_IMAGES = YES;
				CURRENT_PROJECT_VERSION = 1;
				DYLIB_COMPATIBILITY_VERSION = 1;
				DYLIB_CURRENT_VERSION = 1;
				DYLIB_INSTALL_NAME_BASE = "@rpath";
				GENERATE_INFOPLIST_FILE = YES;
				INSTALL_PATH = "$(LOCAL_LIBRARY_DIR)/Frameworks";
				MACH_O_TYPE = staticlib;
				MARKETING_VERSION = 1.0;
				PRODUCT_BUNDLE_IDENTIFIER = com.torrentino.ipc;
				PRODUCT_NAME = "$(TARGET_NAME:c99extidentifier)";
				SKIP_INSTALL = YES;
				SWIFT_INSTALL_OBJC_HEADER = NO;
			};
			name = Release;
		};
		4A000000000000000000071B /* Debug */ = {
			isa = XCBuildConfiguration;
			baseConfigurationReference = 4A0000000000000000000124 /* Debug.xcconfig */;
			buildSettings = {
				COMBINE_HIDPI_IMAGES = YES;
				CURRENT_PROJECT_VERSION = 1;
				GENERATE_INFOPLIST_FILE = YES;
				LD_RUNPATH_SEARCH_PATHS = (
					"$(inherited)",
					"@executable_path/../Frameworks",
					"@loader_path/../Frameworks",
				);
				MARKETING_VERSION = 1.0;
				PRODUCT_BUNDLE_IDENTIFIER = com.torrentino.tests.domain;
				PRODUCT_NAME = "$(TARGET_NAME)";
			};
			name = Debug;
		};
		4A000000000000000000071C /* Release */ = {
			isa = XCBuildConfiguration;
			baseConfigurationReference = 4A0000000000000000000125 /* Release.xcconfig */;
			buildSettings = {
				COMBINE_HIDPI_IMAGES = YES;
				CURRENT_PROJECT_VERSION = 1;
				GENERATE_INFOPLIST_FILE = YES;
				LD_RUNPATH_SEARCH_PATHS = (
					"$(inherited)",
					"@executable_path/../Frameworks",
					"@loader_path/../Frameworks",
				);
				MARKETING_VERSION = 1.0;
				PRODUCT_BUNDLE_IDENTIFIER = com.torrentino.tests.domain;
				PRODUCT_NAME = "$(TARGET_NAME)";
			};
			name = Release;
		};
		4A000000000000000000071D /* Debug */ = {
			isa = XCBuildConfiguration;
			baseConfigurationReference = 4A0000000000000000000124 /* Debug.xcconfig */;
			buildSettings = {
				COMBINE_HIDPI_IMAGES = YES;
				CURRENT_PROJECT_VERSION = 1;
				GENERATE_INFOPLIST_FILE = YES;
				LD_RUNPATH_SEARCH_PATHS = (
					"$(inherited)",
					"@executable_path/../Frameworks",
					"@loader_path/../Frameworks",
				);
				MARKETING_VERSION = 1.0;
				PRODUCT_BUNDLE_IDENTIFIER = com.torrentino.tests.ipc;
				PRODUCT_NAME = "$(TARGET_NAME)";
			};
			name = Debug;
		};
		4A000000000000000000071E /* Release */ = {
			isa = XCBuildConfiguration;
			baseConfigurationReference = 4A0000000000000000000125 /* Release.xcconfig */;
			buildSettings = {
				COMBINE_HIDPI_IMAGES = YES;
				CURRENT_PROJECT_VERSION = 1;
				GENERATE_INFOPLIST_FILE = YES;
				LD_RUNPATH_SEARCH_PATHS = (
					"$(inherited)",
					"@executable_path/../Frameworks",
					"@loader_path/../Frameworks",
				);
				MARKETING_VERSION = 1.0;
				PRODUCT_BUNDLE_IDENTIFIER = com.torrentino.tests.ipc;
				PRODUCT_NAME = "$(TARGET_NAME)";
			};
			name = Release;
		};
		4A000000000000000000071F /* Debug */ = {
			isa = XCBuildConfiguration;
			baseConfigurationReference = 4A0000000000000000000124 /* Debug.xcconfig */;
			buildSettings = {
				COMBINE_HIDPI_IMAGES = YES;
				CURRENT_PROJECT_VERSION = 1;
				GENERATE_INFOPLIST_FILE = YES;
				LD_RUNPATH_SEARCH_PATHS = (
					"$(inherited)",
					"@executable_path/../Frameworks",
					"@loader_path/../Frameworks",
				);
				MARKETING_VERSION = 1.0;
				PRODUCT_BUNDLE_IDENTIFIER = com.torrentino.tests.app;
				PRODUCT_NAME = "$(TARGET_NAME)";
			};
			name = Debug;
		};
		4A0000000000000000000720 /* Release */ = {
			isa = XCBuildConfiguration;
			baseConfigurationReference = 4A0000000000000000000125 /* Release.xcconfig */;
			buildSettings = {
				COMBINE_HIDPI_IMAGES = YES;
				CURRENT_PROJECT_VERSION = 1;
				GENERATE_INFOPLIST_FILE = YES;
				LD_RUNPATH_SEARCH_PATHS = (
					"$(inherited)",
					"@executable_path/../Frameworks",
					"@loader_path/../Frameworks",
				);
				MARKETING_VERSION = 1.0;
				PRODUCT_BUNDLE_IDENTIFIER = com.torrentino.tests.app;
				PRODUCT_NAME = "$(TARGET_NAME)";
			};
			name = Release;
		};
		4A0000000000000000000721 /* Debug */ = {
			isa = XCBuildConfiguration;
			baseConfigurationReference = 4A0000000000000000000124 /* Debug.xcconfig */;
			buildSettings = {
				COMBINE_HIDPI_IMAGES = YES;
				CURRENT_PROJECT_VERSION = 1;
				GENERATE_INFOPLIST_FILE = YES;
				LD_RUNPATH_SEARCH_PATHS = (
					"$(inherited)",
					"@executable_path/../Frameworks",
					"@loader_path/../Frameworks",
				);
				MARKETING_VERSION = 1.0;
				OTHER_LDFLAGS = (
					"$(inherited)",
					"-lsqlite3",
				);
				PRODUCT_BUNDLE_IDENTIFIER = com.torrentino.tests.engineagent;
				PRODUCT_NAME = "$(TARGET_NAME)";
			};
			name = Debug;
		};
		4A0000000000000000000722 /* Release */ = {
			isa = XCBuildConfiguration;
			baseConfigurationReference = 4A0000000000000000000125 /* Release.xcconfig */;
			buildSettings = {
				COMBINE_HIDPI_IMAGES = YES;
				CURRENT_PROJECT_VERSION = 1;
				GENERATE_INFOPLIST_FILE = YES;
				LD_RUNPATH_SEARCH_PATHS = (
					"$(inherited)",
					"@executable_path/../Frameworks",
					"@loader_path/../Frameworks",
				);
				MARKETING_VERSION = 1.0;
				OTHER_LDFLAGS = (
					"$(inherited)",
					"-lsqlite3",
				);
				PRODUCT_BUNDLE_IDENTIFIER = com.torrentino.tests.engineagent;
				PRODUCT_NAME = "$(TARGET_NAME)";
			};
			name = Release;
		};
/* End XCBuildConfiguration section */

/* Begin XCConfigurationList section */
		4A0000000000000000000701 /* Build configuration list for PBXProject "Torrentino" */ = {
			isa = XCConfigurationList;
			buildConfigurations = (
				4A0000000000000000000711 /* Debug */,
				4A0000000000000000000712 /* Release */,
			);
			defaultConfigurationIsVisible = 0;
			defaultConfigurationName = Release;
		};
		4A0000000000000000000702 /* Build configuration list for PBXNativeTarget "Torrentino" */ = {
			isa = XCConfigurationList;
			buildConfigurations = (
				4A0000000000000000000713 /* Debug */,
				4A0000000000000000000714 /* Release */,
			);
			defaultConfigurationIsVisible = 0;
			defaultConfigurationName = Release;
		};
		4A0000000000000000000703 /* Build configuration list for PBXNativeTarget "TorrentinoEngineAgent" */ = {
			isa = XCConfigurationList;
			buildConfigurations = (
				4A0000000000000000000715 /* Debug */,
				4A0000000000000000000716 /* Release */,
			);
			defaultConfigurationIsVisible = 0;
			defaultConfigurationName = Release;
		};
		4A0000000000000000000704 /* Build configuration list for PBXNativeTarget "TorrentinoDomain" */ = {
			isa = XCConfigurationList;
			buildConfigurations = (
				4A0000000000000000000717 /* Debug */,
				4A0000000000000000000718 /* Release */,
			);
			defaultConfigurationIsVisible = 0;
			defaultConfigurationName = Release;
		};
		4A0000000000000000000705 /* Build configuration list for PBXNativeTarget "TorrentinoIPC" */ = {
			isa = XCConfigurationList;
			buildConfigurations = (
				4A0000000000000000000719 /* Debug */,
				4A000000000000000000071A /* Release */,
			);
			defaultConfigurationIsVisible = 0;
			defaultConfigurationName = Release;
		};
		4A0000000000000000000706 /* Build configuration list for PBXNativeTarget "TorrentinoDomainTests" */ = {
			isa = XCConfigurationList;
			buildConfigurations = (
				4A000000000000000000071B /* Debug */,
				4A000000000000000000071C /* Release */,
			);
			defaultConfigurationIsVisible = 0;
			defaultConfigurationName = Release;
		};
		4A0000000000000000000707 /* Build configuration list for PBXNativeTarget "TorrentinoIPCTests" */ = {
			isa = XCConfigurationList;
			buildConfigurations = (
				4A000000000000000000071D /* Debug */,
				4A000000000000000000071E /* Release */,
			);
			defaultConfigurationIsVisible = 0;
			defaultConfigurationName = Release;
		};
		4A0000000000000000000708 /* Build configuration list for PBXNativeTarget "TorrentinoAppTests" */ = {
			isa = XCConfigurationList;
			buildConfigurations = (
				4A000000000000000000071F /* Debug */,
				4A0000000000000000000720 /* Release */,
			);
			defaultConfigurationIsVisible = 0;
			defaultConfigurationName = Release;
		};
		4A0000000000000000000709 /* Build configuration list for PBXNativeTarget "TorrentinoEngineAgentTests" */ = {
			isa = XCConfigurationList;
			buildConfigurations = (
				4A0000000000000000000721 /* Debug */,
				4A0000000000000000000722 /* Release */,
			);
			defaultConfigurationIsVisible = 0;
			defaultConfigurationName = Release;
		};
/* End XCConfigurationList section */
	};
	rootObject = 4A0000000000000000000001 /* Project object */;
}
